// !$*UTF8*$!
{
	archiveVersion = 1;
	classes = {
	};
	objectVersion = 77;
	objects = {

/* Begin PBXBuildFile section */
		0348AEF70247FFAFBE0CFF74 /* CommentEntity.swift in Sources */ = {isa = PBXBuildFile; fileRef = DDD43006BFD0388832B236DD /* CommentEntity.swift */; };
		0A3E0F4FAD50F081CF9D446D /* TravelTimeService.swift in Sources */ = {isa = PBXBuildFile; fileRef = E301F7736A582FE179B5A2C8 /* TravelTimeService.swift */; };
		0CACAFF3D7232F06D4D8CEC2 /* StopRowView.swift in Sources */ = {isa = PBXBuildFile; fileRef = 94CA7715DC1DB2186016B507 /* StopRowView.swift */; };
		1736A441DE0ED766793702A6 /* TravelPlannerTests.swift in Sources */ = {isa = PBXBuildFile; fileRef = 23DEBB8E9A15261BD87963A7 /* TravelPlannerTests.swift */; };
		17BD5E09932D36452048DAE6 /* CategoryPicker.swift in Sources */ = {isa = PBXBuildFile; fileRef = C64FEC3C5B11920AB5EE6D7E /* CategoryPicker.swift */; };
		1B1DF722F470303BAEE00396 /* TravelTimeRow.swift in Sources */ = {isa = PBXBuildFile; fileRef = 0B682BE313747A35A6FE47BD /* TravelTimeRow.swift */; };
		33CB1167C384D8E63FB53D29 /* DataManager.swift in Sources */ = {isa = PBXBuildFile; fileRef = D58949B7BC97E2244DC3CF26 /* DataManager.swift */; };
		3E47E593AA72C188086BFA07 /* NearbyAISuggestSheet.swift in Sources */ = {isa = PBXBuildFile; fileRef = 72BE2AB36D39D3AC9E199FDC /* NearbyAISuggestSheet.swift */; };
		3E9541E627528F595F1CF1AE /* DayEntity.swift in Sources */ = {isa = PBXBuildFile; fileRef = F9F787BEAC69AAD8B9F777B6 /* DayEntity.swift */; };
		407F7616D083E4C110EF71EE /* TripEntity.swift in Sources */ = {isa = PBXBuildFile; fileRef = 3C657E3039B5D556EB074A2C /* TripEntity.swift */; };
		41544777BBA083F8202FFF60 /* TravelPlannerApp.swift in Sources */ = {isa = PBXBuildFile; fileRef = 9A69981A8AC7FA0B97F39219 /* TravelPlannerApp.swift */; };
		41C178DE14243602E226D8F4 /* TripRowView.swift in Sources */ = {isa = PBXBuildFile; fileRef = F1A858F91BF523EFC9CEA692 /* TripRowView.swift */; };
		51845549A4B02772C554BF99 /* TimelineStopRow.swift in Sources */ = {isa = PBXBuildFile; fileRef = 92719B6698BB8E170451D3D7 /* TimelineStopRow.swift */; };
		52FC1EFCD0D9A03A74B61A24 /* EditTripSheet.swift in Sources */ = {isa = PBXBuildFile; fileRef = D426D1DC6E212A8B6785A9BF /* EditTripSheet.swift */; };
		53E149C149DB7D171850A28A /* ContentView.swift in Sources */ = {isa = PBXBuildFile; fileRef = CC66224FEF6FBD6F349E3513 /* ContentView.swift */; };
		55F2082396196FB204EDE871 /* AITripPlanner.swift in Sources */ = {isa = PBXBuildFile; fileRef = 318C344DD4598AA39B7DA914 /* AITripPlanner.swift */; };
		5BA0850E56774CD1A3613FD1 /* BookingDetailView.swift in Sources */ = {isa = PBXBuildFile; fileRef = B77853142091B20421896B68 /* BookingDetailView.swift */; };
		5CC866EAA5149109E23D90C7 /* AddStopSheet.swift in Sources */ = {isa = PBXBuildFile; fileRef = FC113161B65E082DBD39DA6A /* AddStopSheet.swift */; };
		5E273890984D84D36914FFEA /* WeatherService.swift in Sources */ = {isa = PBXBuildFile; fileRef = F69ACE8C980F2858192B6517 /* WeatherService.swift */; };
		643937882AD91BEB1746C6B9 /* TripDetailView.swift in Sources */ = {isa = PBXBuildFile; fileRef = 59F24FCC148570A217B37FAD /* TripDetailView.swift */; };
		6A0EEDD72374B06A75F84979 /* AddTripSheet.swift in Sources */ = {isa = PBXBuildFile; fileRef = 929AA85012BFDF196233BCE5 /* AddTripSheet.swift */; };
		6F8268604F4047C3CDB66955 /* TripListView.swift in Sources */ = {isa = PBXBuildFile; fileRef = D56ADA02E68B54BC5041160E /* TripListView.swift */; };
		7106A8CAC582FE714E085574 /* ActiveTripDashboard.swift in Sources */ = {isa = PBXBuildFile; fileRef = D8F2849479DB63FD37596436 /* ActiveTripDashboard.swift */; };
		7D97491B3B1087874D93B9EB /* AddBookingSheet.swift in Sources */ = {isa = PBXBuildFile; fileRef = DA6CD655BA42EB673E65525A /* AddBookingSheet.swift */; };
		802571B419A58FC9BE392719 /* Assets.xcassets in Resources */ = {isa = PBXBuildFile; fileRef = 999956BD7EB805D88C04DCC4 /* Assets.xcassets */; };
		81227E53CF6CC519C6F7DAB4 /* QuickAddStopSheet.swift in Sources */ = {isa = PBXBuildFile; fileRef = 33599FA2BA90D34A7790666F /* QuickAddStopSheet.swift */; };
		84EF3F89E274C976EB1CAE41 /* PlanDayVibeSheet.swift in Sources */ = {isa = PBXBuildFile; fileRef = 111C87BE6AF2E9082D49832A /* PlanDayVibeSheet.swift */; };
		87966FDDE44B11EF7C0496E8 /* BookingEntity.swift in Sources */ = {isa = PBXBuildFile; fileRef = DD1591FD409EF3FFCA79BBE5 /* BookingEntity.swift */; };
		8E3B122F63B27A2D9B8D0BDA /* TripPDFGenerator.swift in Sources */ = {isa = PBXBuildFile; fileRef = AB904619C0C68F86C520E3C8 /* TripPDFGenerator.swift */; };
		A164409B7376015E3E324755 /* StopEntity.swift in Sources */ = {isa = PBXBuildFile; fileRef = E6C1E4350AB19588CC1E3C49 /* StopEntity.swift */; };
		B641325CF3FAB88A994EAF54 /* StatusBadge.swift in Sources */ = {isa = PBXBuildFile; fileRef = D23CB8ED03D8D00AAF086C1F /* StatusBadge.swift */; };
		BA5A785A8B3AA6FDD12A47BB /* LocateStopSheet.swift in Sources */ = {isa = PBXBuildFile; fileRef = 3855FA3296112AAC247AB289 /* LocateStopSheet.swift */; };
		C2EBF318ED366F9035C01C62 /* TripMapView.swift in Sources */ = {isa = PBXBuildFile; fileRef = B9187D01CC9CAFBC36BA23F5 /* TripMapView.swift */; };
		C58418283CD22F4E5C8B1993 /* SettingsView.swift in Sources */ = {isa = PBXBuildFile; fileRef = 3F5C9ACBDBEA55CB86383E06 /* SettingsView.swift */; };
		D6DDDECA124711B3F1943131 /* StopDetailView.swift in Sources */ = {isa = PBXBuildFile; fileRef = FD502E2EC224340FDBDF8A5D /* StopDetailView.swift */; };
		D7677A4D44D1D10E9855C360 /* WeatherSection.swift in Sources */ = {isa = PBXBuildFile; fileRef = 0DDDF844ED941C73D8391BD5 /* WeatherSection.swift */; };
		DF95F80A881A7199016D5BA3 /* TripCore in Frameworks */ = {isa = PBXBuildFile; productRef = A351542D22584A256FCBE5A3 /* TripCore */; };
		EB725655B3E37B237F119E3F /* LocationSearchView.swift in Sources */ = {isa = PBXBuildFile; fileRef = A1A823A874CC64BD0CFCBC95 /* LocationSearchView.swift */; };
		EE908EB564515B9843770A5A /* TripCore in Frameworks */ = {isa = PBXBuildFile; productRef = 372D538F3E49A295636019DF /* TripCore */; };
		F1031E74318D99FA8B0AF043 /* EditStopSheet.swift in Sources */ = {isa = PBXBuildFile; fileRef = D459EA563BD530DA9AB7F379 /* EditStopSheet.swift */; };
		F2A5DB79846A72FF7D73E85E /* LocationManager.swift in Sources */ = {isa = PBXBuildFile; fileRef = B746D89D9F64B66F230DFC75 /* LocationManager.swift */; };
		F6ABA65DE8DA6098A535FB68 /* ShareSheetView.swift in Sources */ = {isa = PBXBuildFile; fileRef = B8E849BE9658C9837C84E73F /* ShareSheetView.swift */; };
		FC04DF3FB117A180F7FFCC44 /* SuggestStopsSheet.swift in Sources */ = {isa = PBXBuildFile; fileRef = 297F8BE08BF8B37312FBA0B7 /* SuggestStopsSheet.swift */; };
/* End PBXBuildFile section */

/* Begin PBXContainerItemProxy section */
		38D5117CC044B312355A070D /* PBXContainerItemProxy */ = {
			isa = PBXContainerItemProxy;
			containerPortal = C01AB5884BE7D79F9B10001A /* Project object */;
			proxyType = 1;
			remoteGlobalIDString = 5C542CAA0E5815B3EF56FDC7;
			remoteInfo = TravelPlanner;
		};
/* End PBXContainerItemProxy section */

/* Begin PBXFileReference section */
		0B682BE313747A35A6FE47BD /* TravelTimeRow.swift */ = {isa = PBXFileReference; lastKnownFileType = sourcecode.swift; path = TravelTimeRow.swift; sourceTree = "<group>"; };
		0DDDF844ED941C73D8391BD5 /* WeatherSection.swift */ = {isa = PBXFileReference; lastKnownFileType = sourcecode.swift; path = WeatherSection.swift; sourceTree = "<group>"; };
		111C87BE6AF2E9082D49832A /* PlanDayVibeSheet.swift */ = {isa = PBXFileReference; lastKnownFileType = sourcecode.swift; path = PlanDayVibeSheet.swift; sourceTree = "<group>"; };
		216E31A0833F49B143037B54 /* TravelPlanner.app */ = {isa = PBXFileReference; includeInIndex = 0; lastKnownFileType = wrapper.application; path = TravelPlanner.app; sourceTree = BUILT_PRODUCTS_DIR; };
		23DEBB8E9A15261BD87963A7 /* TravelPlannerTests.swift */ = {isa = PBXFileReference; lastKnownFileType = sourcecode.swift; path = TravelPlannerTests.swift; sourceTree = "<group>"; };
		297F8BE08BF8B37312FBA0B7 /* SuggestStopsSheet.swift */ = {isa = PBXFileReference; lastKnownFileType = sourcecode.swift; path = SuggestStopsSheet.swift; sourceTree = "<group>"; };
		318C344DD4598AA39B7DA914 /* AITripPlanner.swift */ = {isa = PBXFileReference; lastKnownFileType = sourcecode.swift; path = AITripPlanner.swift; sourceTree = "<group>"; };
		33599FA2BA90D34A7790666F /* QuickAddStopSheet.swift */ = {isa = PBXFileReference; lastKnownFileType = sourcecode.swift; path = QuickAddStopSheet.swift; sourceTree = "<group>"; };
		384781C8DEEB3A75BA3C53EB /* TravelPlannerTests.xctest */ = {isa = PBXFileReference; includeInIndex = 0; lastKnownFileType = wrapper.cfbundle; path = TravelPlannerTests.xctest; sourceTree = BUILT_PRODUCTS_DIR; };
		3855FA3296112AAC247AB289 /* LocateStopSheet.swift */ = {isa = PBXFileReference; lastKnownFileType = sourcecode.swift; path = LocateStopSheet.swift; sourceTree = "<group>"; };
		3C657E3039B5D556EB074A2C /* TripEntity.swift */ = {isa = PBXFileReference; lastKnownFileType = sourcecode.swift; path = TripEntity.swift; sourceTree = "<group>"; };
		3F5C9ACBDBEA55CB86383E06 /* SettingsView.swift */ = {isa = PBXFileReference; lastKnownFileType = sourcecode.swift; path = SettingsView.swift; sourceTree = "<group>"; };
		59F24FCC148570A217B37FAD /* TripDetailView.swift */ = {isa = PBXFileReference; lastKnownFileType = sourcecode.swift; path = TripDetailView.swift; sourceTree = "<group>"; };
		6886F112469D1D5C71F54B15 /* TripCore */ = {isa = PBXFileReference; lastKnownFileType = folder; name = TripCore; path = Packages/TripCore; sourceTree = SOURCE_ROOT; };
		72BE2AB36D39D3AC9E199FDC /* NearbyAISuggestSheet.swift */ = {isa = PBXFileReference; lastKnownFileType = sourcecode.swift; path = NearbyAISuggestSheet.swift; sourceTree = "<group>"; };
		92719B6698BB8E170451D3D7 /* TimelineStopRow.swift */ = {isa = PBXFileReference; lastKnownFileType = sourcecode.swift; path = TimelineStopRow.swift; sourceTree = "<group>"; };
		929AA85012BFDF196233BCE5 /* AddTripSheet.swift */ = {isa = PBXFileReference; lastKnownFileType = sourcecode.swift; path = AddTripSheet.swift; sourceTree = "<group>"; };
		94CA7715DC1DB2186016B507 /* StopRowView.swift */ = {isa = PBXFileReference; lastKnownFileType = sourcecode.swift; path = StopRowView.swift; sourceTree = "<group>"; };
		999956BD7EB805D88C04DCC4 /* Assets.xcassets */ = {isa = PBXFileReference; lastKnownFileType = folder.assetcatalog; path = Assets.xcassets; sourceTree = "<group>"; };
		9A69981A8AC7FA0B97F39219 /* TravelPlannerApp.swift */ = {isa = PBXFileReference; lastKnownFileType = sourcecode.swift; path = TravelPlannerApp.swift; sourceTree = "<group>"; };
		A1A823A874CC64BD0CFCBC95 /* LocationSearchView.swift */ = {isa = PBXFileReference; lastKnownFileType = sourcecode.swift; path = LocationSearchView.swift; sourceTree = "<group>"; };
		AB904619C0C68F86C520E3C8 /* TripPDFGenerator.swift */ = {isa = PBXFileReference; lastKnownFileType = sourcecode.swift; path = TripPDFGenerator.swift; sourceTree = "<group>"; };
		B746D89D9F64B66F230DFC75 /* LocationManager.swift */ = {isa = PBXFileReference; lastKnownFileType = sourcecode.swift; path = LocationManager.swift; sourceTree = "<group>"; };
		B77853142091B20421896B68 /* BookingDetailView.swift */ = {isa = PBXFileReference; lastKnownFileType = sourcecode.swift; path = BookingDetailView.swift; sourceTree = "<group>"; };
		B8E849BE9658C9837C84E73F /* ShareSheetView.swift */ = {isa = PBXFileReference; lastKnownFileType = sourcecode.swift; path = ShareSheetView.swift; sourceTree = "<group>"; };
		B9187D01CC9CAFBC36BA23F5 /* TripMapView.swift */ = {isa = PBXFileReference; lastKnownFileType = sourcecode.swift; path = TripMapView.swift; sourceTree = "<group>"; };
		C64FEC3C5B11920AB5EE6D7E /* CategoryPicker.swift */ = {isa = PBXFileReference; lastKnownFileType = sourcecode.swift; path = CategoryPicker.swift; sourceTree = "<group>"; };
		CC66224FEF6FBD6F349E3513 /* ContentView.swift */ = {isa = PBXFileReference; lastKnownFileType = sourcecode.swift; path = ContentView.swift; sourceTree = "<group>"; };
		D23CB8ED03D8D00AAF086C1F /* StatusBadge.swift */ = {isa = PBXFileReference; lastKnownFileType = sourcecode.swift; path = StatusBadge.swift; sourceTree = "<group>"; };
		D426D1DC6E212A8B6785A9BF /* EditTripSheet.swift */ = {isa = PBXFileReference; lastKnownFileType = sourcecode.swift; path = EditTripSheet.swift; sourceTree = "<group>"; };
		D459EA563BD530DA9AB7F379 /* EditStopSheet.swift */ = {isa = PBXFileReference; lastKnownFileType = sourcecode.swift; path = EditStopSheet.swift; sourceTree = "<group>"; };
		D56ADA02E68B54BC5041160E /* TripListView.swift */ = {isa = PBXFileReference; lastKnownFileType = sourcecode.swift; path = TripListView.swift; sourceTree = "<group>"; };
		D58949B7BC97E2244DC3CF26 /* DataManager.swift */ = {isa = PBXFileReference; lastKnownFileType = sourcecode.swift; path = DataManager.swift; sourceTree = "<group>"; };
		D8F2849479DB63FD37596436 /* ActiveTripDashboard.swift */ = {isa = PBXFileReference; lastKnownFileType = sourcecode.swift; path = ActiveTripDashboard.swift; sourceTree = "<group>"; };
		DA6CD655BA42EB673E65525A /* AddBookingSheet.swift */ = {isa = PBXFileReference; lastKnownFileType = sourcecode.swift; path = AddBookingSheet.swift; sourceTree = "<group>"; };
		DD1591FD409EF3FFCA79BBE5 /* BookingEntity.swift */ = {isa = PBXFileReference; lastKnownFileType = sourcecode.swift; path = BookingEntity.swift; sourceTree = "<group>"; };
		DDD43006BFD0388832B236DD /* CommentEntity.swift */ = {isa = PBXFileReference; lastKnownFileType = sourcecode.swift; path = CommentEntity.swift; sourceTree = "<group>"; };
		E301F7736A582FE179B5A2C8 /* TravelTimeService.swift */ = {isa = PBXFileReference; lastKnownFileType = sourcecode.swift; path = TravelTimeService.swift; sourceTree = "<group>"; };
		E6C1E4350AB19588CC1E3C49 /* StopEntity.swift */ = {isa = PBXFileReference; lastKnownFileType = sourcecode.swift; path = StopEntity.swift; sourceTree = "<group>"; };
		F1A858F91BF523EFC9CEA692 /* TripRowView.swift */ = {isa = PBXFileReference; lastKnownFileType = sourcecode.swift; path = TripRowView.swift; sourceTree = "<group>"; };
		F69ACE8C980F2858192B6517 /* WeatherService.swift */ = {isa = PBXFileReference; lastKnownFileType = sourcecode.swift; path = WeatherService.swift; sourceTree = "<group>"; };
		F9F787BEAC69AAD8B9F777B6 /* DayEntity.swift */ = {isa = PBXFileReference; lastKnownFileType = sourcecode.swift; path = DayEntity.swift; sourceTree = "<group>"; };
		FC113161B65E082DBD39DA6A /* AddStopSheet.swift */ = {isa = PBXFileReference; lastKnownFileType = sourcecode.swift; path = AddStopSheet.swift; sourceTree = "<group>"; };
		FD502E2EC224340FDBDF8A5D /* StopDetailView.swift */ = {isa = PBXFileReference; lastKnownFileType = sourcecode.swift; path = StopDetailView.swift; sourceTree = "<group>"; };
/* End PBXFileReference section */

/* Begin PBXFrameworksBuildPhase section */
		AAA99F7EB33DFD21745967A9 /* Frameworks */ = {
			isa = PBXFrameworksBuildPhase;
			buildActionMask = 2147483647;
			files = (
				DF95F80A881A7199016D5BA3 /* TripCore in Frameworks */,
			);
			runOnlyForDeploymentPostprocessing = 0;
		};
		ABCA9279D5FEEC2B421717B9 /* Frameworks */ = {
			isa = PBXFrameworksBuildPhase;
			buildActionMask = 2147483647;
			files = (
				EE908EB564515B9843770A5A /* TripCore in Frameworks */,
			);
			runOnlyForDeploymentPostprocessing = 0;
		};
/* End PBXFrameworksBuildPhase section */

/* Begin PBXGroup section */
		1995C13096A95D4CBE57C574 = {
			isa = PBXGroup;
			children = (
				C9DF2951E787740CCEE0B13E /* Packages */,
				5B4530A221EF8FE7034462AF /* TravelPlanner */,
				2C312F475DF3446BE7DF8B33 /* TravelPlannerTests */,
				F54553161DF80380FE7C5CD0 /* Products */,
			);
			sourceTree = "<group>";
		};
		2C312F475DF3446BE7DF8B33 /* TravelPlannerTests */ = {
			isa = PBXGroup;
			children = (
				23DEBB8E9A15261BD87963A7 /* TravelPlannerTests.swift */,
			);
			path = TravelPlannerTests;
			sourceTree = "<group>";
		};
		43CE70E4857F77D6ADBFBBA7 /* Services */ = {
			isa = PBXGroup;
			children = (
				318C344DD4598AA39B7DA914 /* AITripPlanner.swift */,
				B746D89D9F64B66F230DFC75 /* LocationManager.swift */,
				E301F7736A582FE179B5A2C8 /* TravelTimeService.swift */,
				AB904619C0C68F86C520E3C8 /* TripPDFGenerator.swift */,
				F69ACE8C980F2858192B6517 /* WeatherService.swift */,
			);
			path = Services;
			sourceTree = "<group>";
		};
		5B4530A221EF8FE7034462AF /* TravelPlanner */ = {
			isa = PBXGroup;
			children = (
				999956BD7EB805D88C04DCC4 /* Assets.xcassets */,
				CC66224FEF6FBD6F349E3513 /* ContentView.swift */,
				9A69981A8AC7FA0B97F39219 /* TravelPlannerApp.swift */,
				A73336239FEE60EF6DA47FB1 /* Data */,
				43CE70E4857F77D6ADBFBBA7 /* Services */,
				9664226FD1F080FE38941E6D /* Views */,
			);
			path = TravelPlanner;
			sourceTree = "<group>";
		};
		9664226FD1F080FE38941E6D /* Views */ = {
			isa = PBXGroup;
			children = (
				D8F2849479DB63FD37596436 /* ActiveTripDashboard.swift */,
				DA6CD655BA42EB673E65525A /* AddBookingSheet.swift */,
				FC113161B65E082DBD39DA6A /* AddStopSheet.swift */,
				929AA85012BFDF196233BCE5 /* AddTripSheet.swift */,
				B77853142091B20421896B68 /* BookingDetailView.swift */,
				D459EA563BD530DA9AB7F379 /* EditStopSheet.swift */,
				D426D1DC6E212A8B6785A9BF /* EditTripSheet.swift */,
				3855FA3296112AAC247AB289 /* LocateStopSheet.swift */,
				72BE2AB36D39D3AC9E199FDC /* NearbyAISuggestSheet.swift */,
				111C87BE6AF2E9082D49832A /* PlanDayVibeSheet.swift */,
				33599FA2BA90D34A7790666F /* QuickAddStopSheet.swift */,
				3F5C9ACBDBEA55CB86383E06 /* SettingsView.swift */,
				FD502E2EC224340FDBDF8A5D /* StopDetailView.swift */,
				297F8BE08BF8B37312FBA0B7 /* SuggestStopsSheet.swift */,
				59F24FCC148570A217B37FAD /* TripDetailView.swift */,
				D56ADA02E68B54BC5041160E /* TripListView.swift */,
				B9187D01CC9CAFBC36BA23F5 /* TripMapView.swift */,
				F71A56E06575CB5EE1839B28 /* Components */,
			);
			path = Views;
			sourceTree = "<group>";
		};
		A73336239FEE60EF6DA47FB1 /* Data */ = {
			isa = PBXGroup;
			children = (
				DD1591FD409EF3FFCA79BBE5 /* BookingEntity.swift */,
				DDD43006BFD0388832B236DD /* CommentEntity.swift */,
				D58949B7BC97E2244DC3CF26 /* DataManager.swift */,
				F9F787BEAC69AAD8B9F777B6 /* DayEntity.swift */,
				E6C1E4350AB19588CC1E3C49 /* StopEntity.swift */,
				3C657E3039B5D556EB074A2C /* TripEntity.swift */,
			);
			path = Data;
			sourceTree = "<group>";
		};
		C9DF2951E787740CCEE0B13E /* Packages */ = {
			isa = PBXGroup;
			children = (
				6886F112469D1D5C71F54B15 /* TripCore */,
			);
			path = Packages;
			sourceTree = "<group>";
		};
		F54553161DF80380FE7C5CD0 /* Products */ = {
			isa = PBXGroup;
			children = (
				216E31A0833F49B143037B54 /* TravelPlanner.app */,
				384781C8DEEB3A75BA3C53EB /* TravelPlannerTests.xctest */,
			);
			name = Products;
			sourceTree = "<group>";
		};
		F71A56E06575CB5EE1839B28 /* Components */ = {
			isa = PBXGroup;
			children = (
				C64FEC3C5B11920AB5EE6D7E /* CategoryPicker.swift */,
				A1A823A874CC64BD0CFCBC95 /* LocationSearchView.swift */,
				B8E849BE9658C9837C84E73F /* ShareSheetView.swift */,
				D23CB8ED03D8D00AAF086C1F /* StatusBadge.swift */,
				94CA7715DC1DB2186016B507 /* StopRowView.swift */,
				92719B6698BB8E170451D3D7 /* TimelineStopRow.swift */,
				0B682BE313747A35A6FE47BD /* TravelTimeRow.swift */,
				F1A858F91BF523EFC9CEA692 /* TripRowView.swift */,
				0DDDF844ED941C73D8391BD5 /* WeatherSection.swift */,
			);
			path = Components;
			sourceTree = "<group>";
		};
/* End PBXGroup section */

/* Begin PBXNativeTarget section */
		2965BBD919605B0BA6901C06 /* TravelPlannerTests */ = {
			isa = PBXNativeTarget;
			buildConfigurationList = A178133FF83027A08C6BCB7C /* Build configuration list for PBXNativeTarget "TravelPlannerTests" */;
			buildPhases = (
				2271EADF3847CDCD0C2A64B0 /* Sources */,
				AAA99F7EB33DFD21745967A9 /* Frameworks */,
			);
			buildRules = (
			);
			dependencies = (
				B73ABFD5E9F7E1CB90028C00 /* PBXTargetDependency */,
			);
			name = TravelPlannerTests;
			packageProductDependencies = (
				A351542D22584A256FCBE5A3 /* TripCore */,
			);
			productName = TravelPlannerTests;
			productReference = 384781C8DEEB3A75BA3C53EB /* TravelPlannerTests.xctest */;
			productType = "com.apple.product-type.bundle.unit-test";
		};
		5C542CAA0E5815B3EF56FDC7 /* TravelPlanner */ = {
			isa = PBXNativeTarget;
			buildConfigurationList = 4DAD7B3765C322E0457C5128 /* Build configuration list for PBXNativeTarget "TravelPlanner" */;
			buildPhases = (
				51791CAA3A00297105FF182E /* Sources */,
				90EB0FE72EC4D2BB9C138C6E /* Resources */,
				ABCA9279D5FEEC2B421717B9 /* Frameworks */,
			);
			buildRules = (
			);
			dependencies = (
			);
			name = TravelPlanner;
			packageProductDependencies = (
				372D538F3E49A295636019DF /* TripCore */,
			);
			productName = TravelPlanner;
			productReference = 216E31A0833F49B143037B54 /* TravelPlanner.app */;
			productType = "com.apple.product-type.application";
		};
/* End PBXNativeTarget section */

/* Begin PBXProject section */
		C01AB5884BE7D79F9B10001A /* Project object */ = {
			isa = PBXProject;
			attributes = {
				BuildIndependentTargetsInParallel = YES;
				LastUpgradeCheck = 2620;
			};
			buildConfigurationList = 3B87E914983C28B88153F070 /* Build configuration list for PBXProject "TravelPlanner" */;
			compatibilityVersion = "Xcode 14.0";
			developmentRegion = en;
			hasScannedForEncodings = 0;
			knownRegions = (
				Base,
				en,
			);
			mainGroup = 1995C13096A95D4CBE57C574;
			minimizedProjectReferenceProxies = 1;
			packageReferences = (
				8FA8B5DBFB7E118B197EC2FF /* XCLocalSwiftPackageReference "Packages/TripCore" */,
			);
			preferredProjectObjectVersion = 77;
			projectDirPath = "";
			projectRoot = "";
			targets = (
				5C542CAA0E5815B3EF56FDC7 /* TravelPlanner */,
				2965BBD919605B0BA6901C06 /* TravelPlannerTests */,
			);
		};
/* End PBXProject section */

/* Begin PBXResourcesBuildPhase section */
		90EB0FE72EC4D2BB9C138C6E /* Resources */ = {
			isa = PBXResourcesBuildPhase;
			buildActionMask = 2147483647;
			files = (
				802571B419A58FC9BE392719 /* Assets.xcassets in Resources */,
			);
			runOnlyForDeploymentPostprocessing = 0;
		};
/* End PBXResourcesBuildPhase section */

/* Begin PBXSourcesBuildPhase section */
		2271EADF3847CDCD0C2A64B0 /* Sources */ = {
			isa = PBXSourcesBuildPhase;
			buildActionMask = 2147483647;
			files = (
				1736A441DE0ED766793702A6 /* TravelPlannerTests.swift in Sources */,
			);
			runOnlyForDeploymentPostprocessing = 0;
		};
		51791CAA3A00297105FF182E /* Sources */ = {
			isa = PBXSourcesBuildPhase;
			buildActionMask = 2147483647;
			files = (
				55F2082396196FB204EDE871 /* AITripPlanner.swift in Sources */,
				7106A8CAC582FE714E085574 /* ActiveTripDashboard.swift in Sources */,
				7D97491B3B1087874D93B9EB /* AddBookingSheet.swift in Sources */,
				5CC866EAA5149109E23D90C7 /* AddStopSheet.swift in Sources */,
				6A0EEDD72374B06A75F84979 /* AddTripSheet.swift in Sources */,
				5BA0850E56774CD1A3613FD1 /* BookingDetailView.swift in Sources */,
				87966FDDE44B11EF7C0496E8 /* BookingEntity.swift in Sources */,
				17BD5E09932D36452048DAE6 /* CategoryPicker.swift in Sources */,
				0348AEF70247FFAFBE0CFF74 /* CommentEntity.swift in Sources */,
				53E149C149DB7D171850A28A /* ContentView.swift in Sources */,
				33CB1167C384D8E63FB53D29 /* DataManager.swift in Sources */,
				3E9541E627528F595F1CF1AE /* DayEntity.swift in Sources */,
				F1031E74318D99FA8B0AF043 /* EditStopSheet.swift in Sources */,
				52FC1EFCD0D9A03A74B61A24 /* EditTripSheet.swift in Sources */,
				BA5A785A8B3AA6FDD12A47BB /* LocateStopSheet.swift in Sources */,
				F2A5DB79846A72FF7D73E85E /* LocationManager.swift in Sources */,
				EB725655B3E37B237F119E3F /* LocationSearchView.swift in Sources */,
				3E47E593AA72C188086BFA07 /* NearbyAISuggestSheet.swift in Sources */,
				84EF3F89E274C976EB1CAE41 /* PlanDayVibeSheet.swift in Sources */,
				81227E53CF6CC519C6F7DAB4 /* QuickAddStopSheet.swift in Sources */,
				C58418283CD22F4E5C8B1993 /* SettingsView.swift in Sources */,
				F6ABA65DE8DA6098A535FB68 /* ShareSheetView.swift in Sources */,
				B641325CF3FAB88A994EAF54 /* StatusBadge.swift in Sources */,
				D6DDDECA124711B3F1943131 /* StopDetailView.swift in Sources */,
				A164409B7376015E3E324755 /* StopEntity.swift in Sources */,
				0CACAFF3D7232F06D4D8CEC2 /* StopRowView.swift in Sources */,
				FC04DF3FB117A180F7FFCC44 /* SuggestStopsSheet.swift in Sources */,
				51845549A4B02772C554BF99 /* TimelineStopRow.swift in Sources */,
				41544777BBA083F8202FFF60 /* TravelPlannerApp.swift in Sources */,
				1B1DF722F470303BAEE00396 /* TravelTimeRow.swift in Sources */,
				0A3E0F4FAD50F081CF9D446D /* TravelTimeService.swift in Sources */,
				643937882AD91BEB1746C6B9 /* TripDetailView.swift in Sources */,
				407F7616D083E4C110EF71EE /* TripEntity.swift in Sources */,
				6F8268604F4047C3CDB66955 /* TripListView.swift in Sources */,
				C2EBF318ED366F9035C01C62 /* TripMapView.swift in Sources */,
				8E3B122F63B27A2D9B8D0BDA /* TripPDFGenerator.swift in Sources */,
				41C178DE14243602E226D8F4 /* TripRowView.swift in Sources */,
				D7677A4D44D1D10E9855C360 /* WeatherSection.swift in Sources */,
				5E273890984D84D36914FFEA /* WeatherService.swift in Sources */,
			);
			runOnlyForDeploymentPostprocessing = 0;
		};
/* End PBXSourcesBuildPhase section */

/* Begin PBXTargetDependency section */
		B73ABFD5E9F7E1CB90028C00 /* PBXTargetDependency */ = {
			isa = PBXTargetDependency;
			target = 5C542CAA0E5815B3EF56FDC7 /* TravelPlanner */;
			targetProxy = 38D5117CC044B312355A070D /* PBXContainerItemProxy */;
		};
/* End PBXTargetDependency section */

/* Begin XCBuildConfiguration section */
		19A56854B78758B2E3CC90F6 /* Release */ = {
			isa = XCBuildConfiguration;
			buildSettings = {
				ALWAYS_SEARCH_USER_PATHS = NO;
				CLANG_ANALYZER_NONNULL = YES;
				CLANG_ANALYZER_NUMBER_OBJECT_CONVERSION = YES_AGGRESSIVE;
				CLANG_CXX_LANGUAGE_STANDARD = "gnu++14";
				CLANG_CXX_LIBRARY = "libc++";
				CLANG_ENABLE_MODULES = YES;
				CLANG_ENABLE_OBJC_ARC = YES;
				CLANG_ENABLE_OBJC_WEAK = YES;
				CLANG_WARN_BLOCK_CAPTURE_AUTORELEASING = YES;
				CLANG_WARN_BOOL_CONVERSION = YES;
				CLANG_WARN_COMMA = YES;
				CLANG_WARN_CONSTANT_CONVERSION = YES;
				CLANG_WARN_DEPRECATED_OBJC_IMPLEMENTATIONS = YES;
				CLANG_WARN_DIRECT_OBJC_ISA_USAGE = YES_ERROR;
				CLANG_WARN_DOCUMENTATION_COMMENTS = YES;
				CLANG_WARN_EMPTY_BODY = YES;
				CLANG_WARN_ENUM_CONVERSION = YES;
				CLANG_WARN_INFINITE_RECURSION = YES;
				CLANG_WARN_INT_CONVERSION = YES;
				CLANG_WARN_NON_LITERAL_NULL_CONVERSION = YES;
				CLANG_WARN_OBJC_IMPLICIT_RETAIN_SELF = YES;
				CLANG_WARN_OBJC_LITERAL_CONVERSION = YES;
				CLANG_WARN_OBJC_ROOT_CLASS = YES_ERROR;
				CLANG_WARN_QUOTED_INCLUDE_IN_FRAMEWORK_HEADER = YES;
				CLANG_WARN_RANGE_LOOP_ANALYSIS = YES;
				CLANG_WARN_STRICT_PROTOTYPES = YES;
				CLANG_WARN_SUSPICIOUS_MOVE = YES;
				CLANG_WARN_UNGUARDED_AVAILABILITY = YES_AGGRESSIVE;
				CLANG_WARN_UNREACHABLE_CODE = YES;
				CLANG_WARN__DUPLICATE_METHOD_MATCH = YES;
				COPY_PHASE_STRIP = NO;
				DEBUG_INFORMATION_FORMAT = "dwarf-with-dsym";
				ENABLE_NS_ASSERTIONS = NO;
				ENABLE_STRICT_OBJC_MSGSEND = YES;
				GCC_C_LANGUAGE_STANDARD = gnu11;
				GCC_NO_COMMON_BLOCKS = YES;
				GCC_WARN_64_TO_32_BIT_CONVERSION = YES;
				GCC_WARN_ABOUT_RETURN_TYPE = YES_ERROR;
				GCC_WARN_UNDECLARED_SELECTOR = YES;
				GCC_WARN_UNINITIALIZED_AUTOS = YES_AGGRESSIVE;
				GCC_WARN_UNUSED_FUNCTION = YES;
				GCC_WARN_UNUSED_VARIABLE = YES;
				IPHONEOS_DEPLOYMENT_TARGET = 17.0;
				MTL_ENABLE_DEBUG_INFO = NO;
				MTL_FAST_MATH = YES;
				PRODUCT_NAME = "$(TARGET_NAME)";
				SDKROOT = iphoneos;
				SWIFT_COMPILATION_MODE = wholemodule;
				SWIFT_OPTIMIZATION_LEVEL = "-O";
				SWIFT_VERSION = 5.0;
			};
			name = Release;
		};
		28A5BD9411A5EC993D9BB2A2 /* Release */ = {
			isa = XCBuildConfiguration;
			buildSettings = {
				BUNDLE_LOADER = "$(TEST_HOST)";
				GENERATE_INFOPLIST_FILE = YES;
				LD_RUNPATH_SEARCH_PATHS = (
					"$(inherited)",
					"@executable_path/Frameworks",
					"@loader_path/Frameworks",
				);
				PRODUCT_BUNDLE_IDENTIFIER = com.kevinbuckley.travelplanner.tests;
				SDKROOT = iphoneos;
				TARGETED_DEVICE_FAMILY = "1,2";
				TEST_HOST = "$(BUILT_PRODUCTS_DIR)/TravelPlanner.app/TravelPlanner";
			};
			name = Release;
		};
		748B2FC1291840D392ED8BA8 /* Debug */ = {
			isa = XCBuildConfiguration;
			buildSettings = {
				ASSETCATALOG_COMPILER_APPICON_NAME = AppIcon;
				CODE_SIGN_IDENTITY = "iPhone Developer";
				GENERATE_INFOPLIST_FILE = YES;
				INFOPLIST_KEY_NSLocationWhenInUseUsageDescription = "TravelPlanner uses your location to quickly add stops near you and track your trip.";
				INFOPLIST_KEY_UIApplicationSceneManifest_Generation = YES;
				INFOPLIST_KEY_UIApplicationSupportsIndirectInputEvents = YES;
				INFOPLIST_KEY_UILaunchScreen_Generation = YES;
				INFOPLIST_KEY_UISupportedInterfaceOrientations_iPhone = "UIInterfaceOrientationPortrait UIInterfaceOrientationLandscapeLeft UIInterfaceOrientationLandscapeRight";
				LD_RUNPATH_SEARCH_PATHS = (
					"$(inherited)",
					"@executable_path/Frameworks",
				);
				PRODUCT_BUNDLE_IDENTIFIER = com.kevinbuckley.travelplanner;
				SDKROOT = iphoneos;
				SWIFT_STRICT_CONCURRENCY = complete;
				TARGETED_DEVICE_FAMILY = "1,2";
			};
			name = Debug;
		};
		7D09A9A4CCDDE8E221862F56 /* Debug */ = {
			isa = XCBuildConfiguration;
			buildSettings = {
				BUNDLE_LOADER = "$(TEST_HOST)";
				GENERATE_INFOPLIST_FILE = YES;
				LD_RUNPATH_SEARCH_PATHS = (
					"$(inherited)",
					"@executable_path/Frameworks",
					"@loader_path/Frameworks",
				);
				PRODUCT_BUNDLE_IDENTIFIER = com.kevinbuckley.travelplanner.tests;
				SDKROOT = iphoneos;
				TARGETED_DEVICE_FAMILY = "1,2";
				TEST_HOST = "$(BUILT_PRODUCTS_DIR)/TravelPlanner.app/TravelPlanner";
			};
			name = Debug;
		};
		B2DB484B83EA572F5397A684 /* Debug */ = {
			isa = XCBuildConfiguration;
			buildSettings = {
				ALWAYS_SEARCH_USER_PATHS = NO;
				CLANG_ANALYZER_NONNULL = YES;
				CLANG_ANALYZER_NUMBER_OBJECT_CONVERSION = YES_AGGRESSIVE;
				CLANG_CXX_LANGUAGE_STANDARD = "gnu++14";
				CLANG_CXX_LIBRARY = "libc++";
				CLANG_ENABLE_MODULES = YES;
				CLANG_ENABLE_OBJC_ARC = YES;
				CLANG_ENABLE_OBJC_WEAK = YES;
				CLANG_WARN_BLOCK_CAPTURE_AUTORELEASING = YES;
				CLANG_WARN_BOOL_CONVERSION = YES;
				CLANG_WARN_COMMA = YES;
				CLANG_WARN_CONSTANT_CONVERSION = YES;
				CLANG_WARN_DEPRECATED_OBJC_IMPLEMENTATIONS = YES;
				CLANG_WARN_DIRECT_OBJC_ISA_USAGE = YES_ERROR;
				CLANG_WARN_DOCUMENTATION_COMMENTS = YES;
				CLANG_WARN_EMPTY_BODY = YES;
				CLANG_WARN_ENUM_CONVERSION = YES;
				CLANG_WARN_INFINITE_RECURSION = YES;
				CLANG_WARN_INT_CONVERSION = YES;
				CLANG_WARN_NON_LITERAL_NULL_CONVERSION = YES;
				CLANG_WARN_OBJC_IMPLICIT_RETAIN_SELF = YES;
				CLANG_WARN_OBJC_LITERAL_CONVERSION = YES;
				CLANG_WARN_OBJC_ROOT_CLASS = YES_ERROR;
				CLANG_WARN_QUOTED_INCLUDE_IN_FRAMEWORK_HEADER = YES;
				CLANG_WARN_RANGE_LOOP_ANALYSIS = YES;
				CLANG_WARN_STRICT_PROTOTYPES = YES;
				CLANG_WARN_SUSPICIOUS_MOVE = YES;
				CLANG_WARN_UNGUARDED_AVAILABILITY = YES_AGGRESSIVE;
				CLANG_WARN_UNREACHABLE_CODE = YES;
				CLANG_WARN__DUPLICATE_METHOD_MATCH = YES;
				COPY_PHASE_STRIP = NO;
				DEBUG_INFORMATION_FORMAT = dwarf;
				ENABLE_STRICT_OBJC_MSGSEND = YES;
				ENABLE_TESTABILITY = YES;
				GCC_C_LANGUAGE_STANDARD = gnu11;
				GCC_DYNAMIC_NO_PIC = NO;
				GCC_NO_COMMON_BLOCKS = YES;
				GCC_OPTIMIZATION_LEVEL = 0;
				GCC_PREPROCESSOR_DEFINITIONS = (
					"$(inherited)",
					"DEBUG=1",
				);
				GCC_WARN_64_TO_32_BIT_CONVERSION = YES;
				GCC_WARN_ABOUT_RETURN_TYPE = YES_ERROR;
				GCC_WARN_UNDECLARED_SELECTOR = YES;
				GCC_WARN_UNINITIALIZED_AUTOS = YES_AGGRESSIVE;
				GCC_WARN_UNUSED_FUNCTION = YES;
				GCC_WARN_UNUSED_VARIABLE = YES;
				IPHONEOS_DEPLOYMENT_TARGET = 17.0;
				MTL_ENABLE_DEBUG_INFO = INCLUDE_SOURCE;
				MTL_FAST_MATH = YES;
				ONLY_ACTIVE_ARCH = YES;
				PRODUCT_NAME = "$(TARGET_NAME)";
				SDKROOT = iphoneos;
				SWIFT_ACTIVE_COMPILATION_CONDITIONS = DEBUG;
				SWIFT_OPTIMIZATION_LEVEL = "-Onone";
				SWIFT_VERSION = 5.0;
			};
			name = Debug;
		};
		DA2CF6BA8B31ABBC1CF12D52 /* Release */ = {
			isa = XCBuildConfiguration;
			buildSettings = {
				ASSETCATALOG_COMPILER_APPICON_NAME = AppIcon;
				CODE_SIGN_IDENTITY = "iPhone Developer";
				GENERATE_INFOPLIST_FILE = YES;
				INFOPLIST_KEY_NSLocationWhenInUseUsageDescription = "TravelPlanner uses your location to quickly add stops near you and track your trip.";
				INFOPLIST_KEY_UIApplicationSceneManifest_Generation = YES;
				INFOPLIST_KEY_UIApplicationSupportsIndirectInputEvents = YES;
				INFOPLIST_KEY_UILaunchScreen_Generation = YES;
				INFOPLIST_KEY_UISupportedInterfaceOrientations_iPhone = "UIInterfaceOrientationPortrait UIInterfaceOrientationLandscapeLeft UIInterfaceOrientationLandscapeRight";
				LD_RUNPATH_SEARCH_PATHS = (
					"$(inherited)",
					"@executable_path/Frameworks",
				);
				PRODUCT_BUNDLE_IDENTIFIER = com.kevinbuckley.travelplanner;
				SDKROOT = iphoneos;
				SWIFT_STRICT_CONCURRENCY = complete;
				TARGETED_DEVICE_FAMILY = "1,2";
			};
			name = Release;
		};
/* End XCBuildConfiguration section */

/* Begin XCConfigurationList section */
		3B87E914983C28B88153F070 /* Build configuration list for PBXProject "TravelPlanner" */ = {
			isa = XCConfigurationList;
			buildConfigurations = (
				B2DB484B83EA572F5397A684 /* Debug */,
				19A56854B78758B2E3CC90F6 /* Release */,
			);
			defaultConfigurationIsVisible = 0;
			defaultConfigurationName = Debug;
		};
		4DAD7B3765C322E0457C5128 /* Build configuration list for PBXNativeTarget "TravelPlanner" */ = {
			isa = XCConfigurationList;
			buildConfigurations = (
				748B2FC1291840D392ED8BA8 /* Debug */,
				DA2CF6BA8B31ABBC1CF12D52 /* Release */,
			);
			defaultConfigurationIsVisible = 0;
			defaultConfigurationName = Debug;
		};
		A178133FF83027A08C6BCB7C /* Build configuration list for PBXNativeTarget "TravelPlannerTests" */ = {
			isa = XCConfigurationList;
			buildConfigurations = (
				7D09A9A4CCDDE8E221862F56 /* Debug */,
				28A5BD9411A5EC993D9BB2A2 /* Release */,
			);
			defaultConfigurationIsVisible = 0;
			defaultConfigurationName = Debug;
		};
/* End XCConfigurationList section */

/* Begin XCLocalSwiftPackageReference section */
		8FA8B5DBFB7E118B197EC2FF /* XCLocalSwiftPackageReference "Packages/TripCore" */ = {
			isa = XCLocalSwiftPackageReference;
			relativePath = Packages/TripCore;
		};
/* End XCLocalSwiftPackageReference section */

/* Begin XCSwiftPackageProductDependency section */
		372D538F3E49A295636019DF /* TripCore */ = {
			isa = XCSwiftPackageProductDependency;
			productName = TripCore;
		};
		A351542D22584A256FCBE5A3 /* TripCore */ = {
			isa = XCSwiftPackageProductDependency;
			productName = TripCore;
		};
/* End XCSwiftPackageProductDependency section */
	};
	rootObject = C01AB5884BE7D79F9B10001A /* Project object */;
}
