// !$*UTF8*$!
{
	archiveVersion = 1;
	classes = {
	};
	objectVersion = 77;
	objects = {

/* Begin PBXBuildFile section */
		0298D6E27BB6DAA692B0A830 /* TripCore in Frameworks */ = {isa = PBXBuildFile; productRef = B281BB86655A053833608316 /* TripCore */; };
		02E03253EA5EC208ECBF7A46 /* BookingEntity.swift in Sources */ = {isa = PBXBuildFile; fileRef = A0EA198A86B27FFEEF791C5C /* BookingEntity.swift */; };
		0C4B32958257FBEA826807C7 /* WeatherService.swift in Sources */ = {isa = PBXBuildFile; fileRef = 4A38CB3F4EF9F8E6869DA679 /* WeatherService.swift */; };
		0DAB370E2944656B795003FF /* Assets.xcassets in Resources */ = {isa = PBXBuildFile; fileRef = 4E94BF365586F3C6938B520A /* Assets.xcassets */; };
		0E07240DBF82751272754AFB /* DataManager.swift in Sources */ = {isa = PBXBuildFile; fileRef = 9E8FDE7E54DD20E318DDA990 /* DataManager.swift */; };
		145374CF48F7287DC1FF7DBD /* TravelTimeRow.swift in Sources */ = {isa = PBXBuildFile; fileRef = D1CB348BEB5DE3E2D27E23BD /* TravelTimeRow.swift */; };
		1A4F6BE4B635C79136D99039 /* ContentView.swift in Sources */ = {isa = PBXBuildFile; fileRef = B9507EB4177C2F087C5318FC /* ContentView.swift */; };
		1F7F440A40F35E2647D4A371 /* LocationSearchView.swift in Sources */ = {isa = PBXBuildFile; fileRef = 6E6C8D5566E0C3FA8E805713 /* LocationSearchView.swift */; };
		23693BFFA55280F8D241F590 /* SuggestStopsSheet.swift in Sources */ = {isa = PBXBuildFile; fileRef = 439FB6B15AE0ACC162EACEE7 /* SuggestStopsSheet.swift */; };
		2BC488A52A370B9E10389BAF /* PhotoLibraryService.swift in Sources */ = {isa = PBXBuildFile; fileRef = BB62F1AFC14FA36E7D62D9E3 /* PhotoLibraryService.swift */; };
		2C0C6FB5330F4D8DD61D42AA /* BookingDetailView.swift in Sources */ = {isa = PBXBuildFile; fileRef = 739FD0FE659B6D018A5652F0 /* BookingDetailView.swift */; };
		2F175721A0C7D9829479E2ED /* DayEntity.swift in Sources */ = {isa = PBXBuildFile; fileRef = 76BCEF2C1126B6E24195FC0B /* DayEntity.swift */; };
		3362DCAA7316C3157C415EA5 /* NearbyAISuggestSheet.swift in Sources */ = {isa = PBXBuildFile; fileRef = F6A58A508A96961D4104BB6A /* NearbyAISuggestSheet.swift */; };
		38DF7819057E819754490D6E /* TripListView.swift in Sources */ = {isa = PBXBuildFile; fileRef = 0D187BC7D27F057FC79F7A98 /* TripListView.swift */; };
		3E2B7571055B630F2C368494 /* StopRowView.swift in Sources */ = {isa = PBXBuildFile; fileRef = 0CF5FD9EB9A177759DEE383B /* StopRowView.swift */; };
		3F0F15BE26FAF6EB794747DF /* StopDetailView.swift in Sources */ = {isa = PBXBuildFile; fileRef = 55816489B3DAD47A179C77FA /* StopDetailView.swift */; };
		454A0381D60302C17AD24BCD /* WishlistView.swift in Sources */ = {isa = PBXBuildFile; fileRef = E3A7BC26AF8D78F5EDA06419 /* WishlistView.swift */; };
		46FB0084A93632A60A768AF3 /* EditTripSheet.swift in Sources */ = {isa = PBXBuildFile; fileRef = FA3D40E4ECC5AECFF12087C8 /* EditTripSheet.swift */; };
		46FFC9ABE5C2491613113EF2 /* AddTripSheet.swift in Sources */ = {isa = PBXBuildFile; fileRef = F36A11FD3E1E7021C5F02997 /* AddTripSheet.swift */; };
		4EA4B637B817A71837CF1777 /* QuickAddStopSheet.swift in Sources */ = {isa = PBXBuildFile; fileRef = 171930E91C5C3993F629D04D /* QuickAddStopSheet.swift */; };
		50394CBC36486E871DFF0A3B /* WeatherSection.swift in Sources */ = {isa = PBXBuildFile; fileRef = AE5A960445ECC16847760868 /* WeatherSection.swift */; };
		536D50A738E16B7DB624FFC5 /* TripListEntity.swift in Sources */ = {isa = PBXBuildFile; fileRef = 2F77E572B302BAFBC087FC8E /* TripListEntity.swift */; };
		590CC30DE66528D53A7AF3AE /* AddStopSheet.swift in Sources */ = {isa = PBXBuildFile; fileRef = 656FC522314C8B17E662171B /* AddStopSheet.swift */; };
		5D6063D913D7CDA5F8306FEE /* EditBookingSheet.swift in Sources */ = {isa = PBXBuildFile; fileRef = 0F92622256B7AE4A3AAA3FE8 /* EditBookingSheet.swift */; };
		5E72A33649D5492553C4404B /* EditStopSheet.swift in Sources */ = {isa = PBXBuildFile; fileRef = A076EFDEB1413713FC54B7F8 /* EditStopSheet.swift */; };
		65333825B259DCB667857CBF /* TripPDFGenerator.swift in Sources */ = {isa = PBXBuildFile; fileRef = C646145A462D83ACD7E63623 /* TripPDFGenerator.swift */; };
		661913F817E213C54B22C463 /* TripListsSection.swift in Sources */ = {isa = PBXBuildFile; fileRef = ACC0BAB3C44AACBE788758F2 /* TripListsSection.swift */; };
		67AEC662F2CF07F8CF5A850C /* AddExpenseSheet.swift in Sources */ = {isa = PBXBuildFile; fileRef = C7872672C3AACA99843386C6 /* AddExpenseSheet.swift */; };
		6A728F12104059B4F17EC79F /* CategoryPicker.swift in Sources */ = {isa = PBXBuildFile; fileRef = 2FDD0E7C2B384BAF3F329C28 /* CategoryPicker.swift */; };
		6FCDEF6A49EE0FD7321E0A99 /* WelcomeView.swift in Sources */ = {isa = PBXBuildFile; fileRef = 2322CEA11A118ACE324BF2A0 /* WelcomeView.swift */; };
		72219FF7D1D7B448562D4BB7 /* ExpenseEntity.swift in Sources */ = {isa = PBXBuildFile; fileRef = 76C36821BFF1F5F6E5ADA229 /* ExpenseEntity.swift */; };
		756EDF3008A2826BA6F9E5F0 /* LocateStopSheet.swift in Sources */ = {isa = PBXBuildFile; fileRef = 68EC9EC922768C72B8E5CA54 /* LocateStopSheet.swift */; };
		7C04C4A17B946D9735CF6799 /* TimelineStopRow.swift in Sources */ = {isa = PBXBuildFile; fileRef = 79D0B6B807FFF29CAD57E2E3 /* TimelineStopRow.swift */; };
		8B0752E3B2EFA180121C4558 /* SetDayLocationSheet.swift in Sources */ = {isa = PBXBuildFile; fileRef = BA817EBFEF36271F750CC8E3 /* SetDayLocationSheet.swift */; };
		8B18C12863232709CCF384E7 /* TripCore in Frameworks */ = {isa = PBXBuildFile; productRef = F5CCF8D951A9540561CF2A9D /* TripCore */; };
		8DC1F8680426C49884389B66 /* ImportBookingSheet.swift in Sources */ = {isa = PBXBuildFile; fileRef = 598BC831E962F0EB0B8060B6 /* ImportBookingSheet.swift */; };
		8E8C42AF3A2155B0827F7DA1 /* ActiveTripDashboard.swift in Sources */ = {isa = PBXBuildFile; fileRef = 6D513CC9C1CE18397D4704BD /* ActiveTripDashboard.swift */; };
		951F9E7BC1742A8FB3C41BD5 /* StatusBadge.swift in Sources */ = {isa = PBXBuildFile; fileRef = 7642C05A6780DBB1AE81A273 /* StatusBadge.swift */; };
		9BD45050FB09738BE962F88B /* TripDetailView.swift in Sources */ = {isa = PBXBuildFile; fileRef = 1A0AC1F1AF6A71C925DB5A1C /* TripDetailView.swift */; };
		A09798A8342DA81A20F51A11 /* WishlistItemEntity.swift in Sources */ = {isa = PBXBuildFile; fileRef = 1DD0442BD22E0D821DBBD894 /* WishlistItemEntity.swift */; };
		A46EFDB94319FC36A2536594 /* SettingsView.swift in Sources */ = {isa = PBXBuildFile; fileRef = F0FF763CDF32BBD771F47F59 /* SettingsView.swift */; };
		A554F68C3AC53ED697D1C864 /* TravlyTests.swift in Sources */ = {isa = PBXBuildFile; fileRef = 2FF456A94476A4B19DAA77EC /* TravlyTests.swift */; };
		A699E40D11FB585D70DAA585 /* AITripPlanner.swift in Sources */ = {isa = PBXBuildFile; fileRef = EA61D1D2C99FA76E1F8D896D /* AITripPlanner.swift */; };
		A882B9BE3A05C3F50C3DE203 /* PasteItinerarySheet.swift in Sources */ = {isa = PBXBuildFile; fileRef = F1D9667BA07AE6716B6D2287 /* PasteItinerarySheet.swift */; };
		AD2867FE8A2A69DEBC17971B /* ShareSheetView.swift in Sources */ = {isa = PBXBuildFile; fileRef = 871FC162371D442485362A6E /* ShareSheetView.swift */; };
		AFB6E8E0466A41DDCDD88E70 /* TripMapView.swift in Sources */ = {isa = PBXBuildFile; fileRef = 526C0747D5F5225BE613CD93 /* TripMapView.swift */; };
		B5A7468846CA3FF836E175D1 /* LocationManager.swift in Sources */ = {isa = PBXBuildFile; fileRef = B9BE83EF902553737155DF54 /* LocationManager.swift */; };
		C4E05445C3493C42553CA438 /* TripEntity.swift in Sources */ = {isa = PBXBuildFile; fileRef = 5E3D701159F8215391D9E6E8 /* TripEntity.swift */; };
		C90C17DB07D797D8BCA81188 /* CommentEntity.swift in Sources */ = {isa = PBXBuildFile; fileRef = 2E301C12F98E4405CE19B380 /* CommentEntity.swift */; };
		D0A8F90A038F5F5028FC1A7A /* TripRowView.swift in Sources */ = {isa = PBXBuildFile; fileRef = C58481E88E2245E626418382 /* TripRowView.swift */; };
		D4586090690C2429F8DF7457 /* AddBookingSheet.swift in Sources */ = {isa = PBXBuildFile; fileRef = 8D73EE22C410FC622A996026 /* AddBookingSheet.swift */; };
		D4C8741E6E266E8A49BDC75F /* TravlyApp.swift in Sources */ = {isa = PBXBuildFile; fileRef = 81D52F71969034C036E68087 /* TravlyApp.swift */; };
		D6C615ED9776A64277863A41 /* TravelTimeService.swift in Sources */ = {isa = PBXBuildFile; fileRef = CF9273BE664BF1CD78E5BE4E /* TravelTimeService.swift */; };
		E8DA372BDE03B465C780BE66 /* StopPhotosView.swift in Sources */ = {isa = PBXBuildFile; fileRef = A9CBF7AD92CD518C72F3BA90 /* StopPhotosView.swift */; };
		F325FF0C377CB023E665AA0D /* BudgetSection.swift in Sources */ = {isa = PBXBuildFile; fileRef = 98A8D7C5042884D295BEA112 /* BudgetSection.swift */; };
		FD64D09B3230CAFB93155C96 /* TripListItemEntity.swift in Sources */ = {isa = PBXBuildFile; fileRef = 9231EB44A71B070AAAF41817 /* TripListItemEntity.swift */; };
		FF525527073D7F9140FB8706 /* StopEntity.swift in Sources */ = {isa = PBXBuildFile; fileRef = C8A2971B11387C911B5AB2AB /* StopEntity.swift */; };
/* End PBXBuildFile section */

/* Begin PBXContainerItemProxy section */
		B980C6DB85CD153176E1ED4C /* PBXContainerItemProxy */ = {
			isa = PBXContainerItemProxy;
			containerPortal = D9B7977517D35A2638FD41A5 /* Project object */;
			proxyType = 1;
			remoteGlobalIDString = CE684E17516122EEFAB1E515;
			remoteInfo = Travly;
		};
/* End PBXContainerItemProxy section */

/* Begin PBXFileReference section */
		048214F7789EC6AFB1B82E98 /* TravlyTests.xctest */ = {isa = PBXFileReference; includeInIndex = 0; lastKnownFileType = wrapper.cfbundle; path = TravlyTests.xctest; sourceTree = BUILT_PRODUCTS_DIR; };
		0CF5FD9EB9A177759DEE383B /* StopRowView.swift */ = {isa = PBXFileReference; lastKnownFileType = sourcecode.swift; path = StopRowView.swift; sourceTree = "<group>"; };
		0D187BC7D27F057FC79F7A98 /* TripListView.swift */ = {isa = PBXFileReference; lastKnownFileType = sourcecode.swift; path = TripListView.swift; sourceTree = "<group>"; };
		0F92622256B7AE4A3AAA3FE8 /* EditBookingSheet.swift */ = {isa = PBXFileReference; lastKnownFileType = sourcecode.swift; path = EditBookingSheet.swift; sourceTree = "<group>"; };
		171930E91C5C3993F629D04D /* QuickAddStopSheet.swift */ = {isa = PBXFileReference; lastKnownFileType = sourcecode.swift; path = QuickAddStopSheet.swift; sourceTree = "<group>"; };
		1A0AC1F1AF6A71C925DB5A1C /* TripDetailView.swift */ = {isa = PBXFileReference; lastKnownFileType = sourcecode.swift; path = TripDetailView.swift; sourceTree = "<group>"; };
		1DD0442BD22E0D821DBBD894 /* WishlistItemEntity.swift */ = {isa = PBXFileReference; lastKnownFileType = sourcecode.swift; path = WishlistItemEntity.swift; sourceTree = "<group>"; };
		2322CEA11A118ACE324BF2A0 /* WelcomeView.swift */ = {isa = PBXFileReference; lastKnownFileType = sourcecode.swift; path = WelcomeView.swift; sourceTree = "<group>"; };
		2E301C12F98E4405CE19B380 /* CommentEntity.swift */ = {isa = PBXFileReference; lastKnownFileType = sourcecode.swift; path = CommentEntity.swift; sourceTree = "<group>"; };
		2F77E572B302BAFBC087FC8E /* TripListEntity.swift */ = {isa = PBXFileReference; lastKnownFileType = sourcecode.swift; path = TripListEntity.swift; sourceTree = "<group>"; };
		2FDD0E7C2B384BAF3F329C28 /* CategoryPicker.swift */ = {isa = PBXFileReference; lastKnownFileType = sourcecode.swift; path = CategoryPicker.swift; sourceTree = "<group>"; };
		2FF456A94476A4B19DAA77EC /* TravlyTests.swift */ = {isa = PBXFileReference; lastKnownFileType = sourcecode.swift; path = TravlyTests.swift; sourceTree = "<group>"; };
		439FB6B15AE0ACC162EACEE7 /* SuggestStopsSheet.swift */ = {isa = PBXFileReference; lastKnownFileType = sourcecode.swift; path = SuggestStopsSheet.swift; sourceTree = "<group>"; };
		4A38CB3F4EF9F8E6869DA679 /* WeatherService.swift */ = {isa = PBXFileReference; lastKnownFileType = sourcecode.swift; path = WeatherService.swift; sourceTree = "<group>"; };
		4E94BF365586F3C6938B520A /* Assets.xcassets */ = {isa = PBXFileReference; lastKnownFileType = folder.assetcatalog; path = Assets.xcassets; sourceTree = "<group>"; };
		526C0747D5F5225BE613CD93 /* TripMapView.swift */ = {isa = PBXFileReference; lastKnownFileType = sourcecode.swift; path = TripMapView.swift; sourceTree = "<group>"; };
		55816489B3DAD47A179C77FA /* StopDetailView.swift */ = {isa = PBXFileReference; lastKnownFileType = sourcecode.swift; path = StopDetailView.swift; sourceTree = "<group>"; };
		598BC831E962F0EB0B8060B6 /* ImportBookingSheet.swift */ = {isa = PBXFileReference; lastKnownFileType = sourcecode.swift; path = ImportBookingSheet.swift; sourceTree = "<group>"; };
		5E3D701159F8215391D9E6E8 /* TripEntity.swift */ = {isa = PBXFileReference; lastKnownFileType = sourcecode.swift; path = TripEntity.swift; sourceTree = "<group>"; };
		656FC522314C8B17E662171B /* AddStopSheet.swift */ = {isa = PBXFileReference; lastKnownFileType = sourcecode.swift; path = AddStopSheet.swift; sourceTree = "<group>"; };
		68EC9EC922768C72B8E5CA54 /* LocateStopSheet.swift */ = {isa = PBXFileReference; lastKnownFileType = sourcecode.swift; path = LocateStopSheet.swift; sourceTree = "<group>"; };
		6D513CC9C1CE18397D4704BD /* ActiveTripDashboard.swift */ = {isa = PBXFileReference; lastKnownFileType = sourcecode.swift; path = ActiveTripDashboard.swift; sourceTree = "<group>"; };
		6E6C8D5566E0C3FA8E805713 /* LocationSearchView.swift */ = {isa = PBXFileReference; lastKnownFileType = sourcecode.swift; path = LocationSearchView.swift; sourceTree = "<group>"; };
		6F7F2396E797453C2EC9993C /* Travly.app */ = {isa = PBXFileReference; includeInIndex = 0; lastKnownFileType = wrapper.application; path = Travly.app; sourceTree = BUILT_PRODUCTS_DIR; };
		739FD0FE659B6D018A5652F0 /* BookingDetailView.swift */ = {isa = PBXFileReference; lastKnownFileType = sourcecode.swift; path = BookingDetailView.swift; sourceTree = "<group>"; };
		7642C05A6780DBB1AE81A273 /* StatusBadge.swift */ = {isa = PBXFileReference; lastKnownFileType = sourcecode.swift; path = StatusBadge.swift; sourceTree = "<group>"; };
		76BCEF2C1126B6E24195FC0B /* DayEntity.swift */ = {isa = PBXFileReference; lastKnownFileType = sourcecode.swift; path = DayEntity.swift; sourceTree = "<group>"; };
		76C36821BFF1F5F6E5ADA229 /* ExpenseEntity.swift */ = {isa = PBXFileReference; lastKnownFileType = sourcecode.swift; path = ExpenseEntity.swift; sourceTree = "<group>"; };
		79D0B6B807FFF29CAD57E2E3 /* TimelineStopRow.swift */ = {isa = PBXFileReference; lastKnownFileType = sourcecode.swift; path = TimelineStopRow.swift; sourceTree = "<group>"; };
		81D52F71969034C036E68087 /* TravlyApp.swift */ = {isa = PBXFileReference; lastKnownFileType = sourcecode.swift; path = TravlyApp.swift; sourceTree = "<group>"; };
		871FC162371D442485362A6E /* ShareSheetView.swift */ = {isa = PBXFileReference; lastKnownFileType = sourcecode.swift; path = ShareSheetView.swift; sourceTree = "<group>"; };
		8D73EE22C410FC622A996026 /* AddBookingSheet.swift */ = {isa = PBXFileReference; lastKnownFileType = sourcecode.swift; path = AddBookingSheet.swift; sourceTree = "<group>"; };
		9231EB44A71B070AAAF41817 /* TripListItemEntity.swift */ = {isa = PBXFileReference; lastKnownFileType = sourcecode.swift; path = TripListItemEntity.swift; sourceTree = "<group>"; };
		96E3E46DBD876423B75E5B58 /* TripCore */ = {isa = PBXFileReference; lastKnownFileType = folder; name = TripCore; path = Packages/TripCore; sourceTree = SOURCE_ROOT; };
		98A8D7C5042884D295BEA112 /* BudgetSection.swift */ = {isa = PBXFileReference; lastKnownFileType = sourcecode.swift; path = BudgetSection.swift; sourceTree = "<group>"; };
		9E8FDE7E54DD20E318DDA990 /* DataManager.swift */ = {isa = PBXFileReference; lastKnownFileType = sourcecode.swift; path = DataManager.swift; sourceTree = "<group>"; };
		A076EFDEB1413713FC54B7F8 /* EditStopSheet.swift */ = {isa = PBXFileReference; lastKnownFileType = sourcecode.swift; path = EditStopSheet.swift; sourceTree = "<group>"; };
		A0EA198A86B27FFEEF791C5C /* BookingEntity.swift */ = {isa = PBXFileReference; lastKnownFileType = sourcecode.swift; path = BookingEntity.swift; sourceTree = "<group>"; };
		A9CBF7AD92CD518C72F3BA90 /* StopPhotosView.swift */ = {isa = PBXFileReference; lastKnownFileType = sourcecode.swift; path = StopPhotosView.swift; sourceTree = "<group>"; };
		ACC0BAB3C44AACBE788758F2 /* TripListsSection.swift */ = {isa = PBXFileReference; lastKnownFileType = sourcecode.swift; path = TripListsSection.swift; sourceTree = "<group>"; };
		AE5A960445ECC16847760868 /* WeatherSection.swift */ = {isa = PBXFileReference; lastKnownFileType = sourcecode.swift; path = WeatherSection.swift; sourceTree = "<group>"; };
		B9507EB4177C2F087C5318FC /* ContentView.swift */ = {isa = PBXFileReference; lastKnownFileType = sourcecode.swift; path = ContentView.swift; sourceTree = "<group>"; };
		B9BE83EF902553737155DF54 /* LocationManager.swift */ = {isa = PBXFileReference; lastKnownFileType = sourcecode.swift; path = LocationManager.swift; sourceTree = "<group>"; };
		BA817EBFEF36271F750CC8E3 /* SetDayLocationSheet.swift */ = {isa = PBXFileReference; lastKnownFileType = sourcecode.swift; path = SetDayLocationSheet.swift; sourceTree = "<group>"; };
		BB62F1AFC14FA36E7D62D9E3 /* PhotoLibraryService.swift */ = {isa = PBXFileReference; lastKnownFileType = sourcecode.swift; path = PhotoLibraryService.swift; sourceTree = "<group>"; };
		C58481E88E2245E626418382 /* TripRowView.swift */ = {isa = PBXFileReference; lastKnownFileType = sourcecode.swift; path = TripRowView.swift; sourceTree = "<group>"; };
		C646145A462D83ACD7E63623 /* TripPDFGenerator.swift */ = {isa = PBXFileReference; lastKnownFileType = sourcecode.swift; path = TripPDFGenerator.swift; sourceTree = "<group>"; };
		C7872672C3AACA99843386C6 /* AddExpenseSheet.swift */ = {isa = PBXFileReference; lastKnownFileType = sourcecode.swift; path = AddExpenseSheet.swift; sourceTree = "<group>"; };
		C8A2971B11387C911B5AB2AB /* StopEntity.swift */ = {isa = PBXFileReference; lastKnownFileType = sourcecode.swift; path = StopEntity.swift; sourceTree = "<group>"; };
		CF9273BE664BF1CD78E5BE4E /* TravelTimeService.swift */ = {isa = PBXFileReference; lastKnownFileType = sourcecode.swift; path = TravelTimeService.swift; sourceTree = "<group>"; };
		D1CB348BEB5DE3E2D27E23BD /* TravelTimeRow.swift */ = {isa = PBXFileReference; lastKnownFileType = sourcecode.swift; path = TravelTimeRow.swift; sourceTree = "<group>"; };
		E3A7BC26AF8D78F5EDA06419 /* WishlistView.swift */ = {isa = PBXFileReference; lastKnownFileType = sourcecode.swift; path = WishlistView.swift; sourceTree = "<group>"; };
		EA61D1D2C99FA76E1F8D896D /* AITripPlanner.swift */ = {isa = PBXFileReference; lastKnownFileType = sourcecode.swift; path = AITripPlanner.swift; sourceTree = "<group>"; };
		F0FF763CDF32BBD771F47F59 /* SettingsView.swift */ = {isa = PBXFileReference; lastKnownFileType = sourcecode.swift; path = SettingsView.swift; sourceTree = "<group>"; };
		F1D9667BA07AE6716B6D2287 /* PasteItinerarySheet.swift */ = {isa = PBXFileReference; lastKnownFileType = sourcecode.swift; path = PasteItinerarySheet.swift; sourceTree = "<group>"; };
		F36A11FD3E1E7021C5F02997 /* AddTripSheet.swift */ = {isa = PBXFileReference; lastKnownFileType = sourcecode.swift; path = AddTripSheet.swift; sourceTree = "<group>"; };
		F6A58A508A96961D4104BB6A /* NearbyAISuggestSheet.swift */ = {isa = PBXFileReference; lastKnownFileType = sourcecode.swift; path = NearbyAISuggestSheet.swift; sourceTree = "<group>"; };
		FA3D40E4ECC5AECFF12087C8 /* EditTripSheet.swift */ = {isa = PBXFileReference; lastKnownFileType = sourcecode.swift; path = EditTripSheet.swift; sourceTree = "<group>"; };
/* End PBXFileReference section */

/* Begin PBXFrameworksBuildPhase section */
		47645130E1E0AF641687610D /* Frameworks */ = {
			isa = PBXFrameworksBuildPhase;
			buildActionMask = 2147483647;
			files = (
				0298D6E27BB6DAA692B0A830 /* TripCore in Frameworks */,
			);
			runOnlyForDeploymentPostprocessing = 0;
		};
		64FE969C487F3438908B2D77 /* Frameworks */ = {
			isa = PBXFrameworksBuildPhase;
			buildActionMask = 2147483647;
			files = (
				8B18C12863232709CCF384E7 /* TripCore in Frameworks */,
			);
			runOnlyForDeploymentPostprocessing = 0;
		};
/* End PBXFrameworksBuildPhase section */

/* Begin PBXGroup section */
		0CA21C7F91E92117FAE29988 /* TravlyTests */ = {
			isa = PBXGroup;
			children = (
				2FF456A94476A4B19DAA77EC /* TravlyTests.swift */,
			);
			path = TravlyTests;
			sourceTree = "<group>";
		};
		0E0413883C1807DD6465BC0F = {
			isa = PBXGroup;
			children = (
				7F3E98601F0666B5138CFB8A /* Packages */,
				29D320483B43214F246C6956 /* Travly */,
				0CA21C7F91E92117FAE29988 /* TravlyTests */,
				5A7502976BB93A2B24DFE4B6 /* Products */,
			);
			sourceTree = "<group>";
		};
		1CB9530CC3F6FE57CF1FAACB /* Views */ = {
			isa = PBXGroup;
			children = (
				6D513CC9C1CE18397D4704BD /* ActiveTripDashboard.swift */,
				8D73EE22C410FC622A996026 /* AddBookingSheet.swift */,
				C7872672C3AACA99843386C6 /* AddExpenseSheet.swift */,
				656FC522314C8B17E662171B /* AddStopSheet.swift */,
				F36A11FD3E1E7021C5F02997 /* AddTripSheet.swift */,
				739FD0FE659B6D018A5652F0 /* BookingDetailView.swift */,
				98A8D7C5042884D295BEA112 /* BudgetSection.swift */,
				0F92622256B7AE4A3AAA3FE8 /* EditBookingSheet.swift */,
				A076EFDEB1413713FC54B7F8 /* EditStopSheet.swift */,
				FA3D40E4ECC5AECFF12087C8 /* EditTripSheet.swift */,
				598BC831E962F0EB0B8060B6 /* ImportBookingSheet.swift */,
				68EC9EC922768C72B8E5CA54 /* LocateStopSheet.swift */,
				F6A58A508A96961D4104BB6A /* NearbyAISuggestSheet.swift */,
				F1D9667BA07AE6716B6D2287 /* PasteItinerarySheet.swift */,
				171930E91C5C3993F629D04D /* QuickAddStopSheet.swift */,
				BA817EBFEF36271F750CC8E3 /* SetDayLocationSheet.swift */,
				F0FF763CDF32BBD771F47F59 /* SettingsView.swift */,
				55816489B3DAD47A179C77FA /* StopDetailView.swift */,
				439FB6B15AE0ACC162EACEE7 /* SuggestStopsSheet.swift */,
				1A0AC1F1AF6A71C925DB5A1C /* TripDetailView.swift */,
				ACC0BAB3C44AACBE788758F2 /* TripListsSection.swift */,
				0D187BC7D27F057FC79F7A98 /* TripListView.swift */,
				526C0747D5F5225BE613CD93 /* TripMapView.swift */,
				2322CEA11A118ACE324BF2A0 /* WelcomeView.swift */,
				E3A7BC26AF8D78F5EDA06419 /* WishlistView.swift */,
				5F276D1061953339D58FD646 /* Components */,
			);
			path = Views;
			sourceTree = "<group>";
		};
		29D320483B43214F246C6956 /* Travly */ = {
			isa = PBXGroup;
			children = (
				4E94BF365586F3C6938B520A /* Assets.xcassets */,
				B9507EB4177C2F087C5318FC /* ContentView.swift */,
				81D52F71969034C036E68087 /* TravlyApp.swift */,
				5EF4CE4A6C4242716EFEE1C3 /* Data */,
				92BA2FED8003F0662B916763 /* Services */,
				1CB9530CC3F6FE57CF1FAACB /* Views */,
			);
			path = Travly;
			sourceTree = "<group>";
		};
		5A7502976BB93A2B24DFE4B6 /* Products */ = {
			isa = PBXGroup;
			children = (
				6F7F2396E797453C2EC9993C /* Travly.app */,
				048214F7789EC6AFB1B82E98 /* TravlyTests.xctest */,
			);
			name = Products;
			sourceTree = "<group>";
		};
		5EF4CE4A6C4242716EFEE1C3 /* Data */ = {
			isa = PBXGroup;
			children = (
				A0EA198A86B27FFEEF791C5C /* BookingEntity.swift */,
				2E301C12F98E4405CE19B380 /* CommentEntity.swift */,
				9E8FDE7E54DD20E318DDA990 /* DataManager.swift */,
				76BCEF2C1126B6E24195FC0B /* DayEntity.swift */,
				76C36821BFF1F5F6E5ADA229 /* ExpenseEntity.swift */,
				C8A2971B11387C911B5AB2AB /* StopEntity.swift */,
				5E3D701159F8215391D9E6E8 /* TripEntity.swift */,
				2F77E572B302BAFBC087FC8E /* TripListEntity.swift */,
				9231EB44A71B070AAAF41817 /* TripListItemEntity.swift */,
				1DD0442BD22E0D821DBBD894 /* WishlistItemEntity.swift */,
			);
			path = Data;
			sourceTree = "<group>";
		};
		5F276D1061953339D58FD646 /* Components */ = {
			isa = PBXGroup;
			children = (
				2FDD0E7C2B384BAF3F329C28 /* CategoryPicker.swift */,
				6E6C8D5566E0C3FA8E805713 /* LocationSearchView.swift */,
				871FC162371D442485362A6E /* ShareSheetView.swift */,
				7642C05A6780DBB1AE81A273 /* StatusBadge.swift */,
				A9CBF7AD92CD518C72F3BA90 /* StopPhotosView.swift */,
				0CF5FD9EB9A177759DEE383B /* StopRowView.swift */,
				79D0B6B807FFF29CAD57E2E3 /* TimelineStopRow.swift */,
				D1CB348BEB5DE3E2D27E23BD /* TravelTimeRow.swift */,
				C58481E88E2245E626418382 /* TripRowView.swift */,
				AE5A960445ECC16847760868 /* WeatherSection.swift */,
			);
			path = Components;
			sourceTree = "<group>";
		};
		7F3E98601F0666B5138CFB8A /* Packages */ = {
			isa = PBXGroup;
			children = (
				96E3E46DBD876423B75E5B58 /* TripCore */,
			);
			path = Packages;
			sourceTree = "<group>";
		};
		92BA2FED8003F0662B916763 /* Services */ = {
			isa = PBXGroup;
			children = (
				EA61D1D2C99FA76E1F8D896D /* AITripPlanner.swift */,
				B9BE83EF902553737155DF54 /* LocationManager.swift */,
				BB62F1AFC14FA36E7D62D9E3 /* PhotoLibraryService.swift */,
				CF9273BE664BF1CD78E5BE4E /* TravelTimeService.swift */,
				C646145A462D83ACD7E63623 /* TripPDFGenerator.swift */,
				4A38CB3F4EF9F8E6869DA679 /* WeatherService.swift */,
			);
			path = Services;
			sourceTree = "<group>";
		};
/* End PBXGroup section */

/* Begin PBXNativeTarget section */
		CE684E17516122EEFAB1E515 /* Travly */ = {
			isa = PBXNativeTarget;
			buildConfigurationList = E75038857D0BA46BBC018B20 /* Build configuration list for PBXNativeTarget "Travly" */;
			buildPhases = (
				6009A554340B6634BD9C9123 /* Sources */,
				54E27ADB18D8B4F4F6A7B1CF /* Resources */,
				47645130E1E0AF641687610D /* Frameworks */,
			);
			buildRules = (
			);
			dependencies = (
			);
			name = Travly;
			packageProductDependencies = (
				B281BB86655A053833608316 /* TripCore */,
			);
			productName = Travly;
			productReference = 6F7F2396E797453C2EC9993C /* Travly.app */;
			productType = "com.apple.product-type.application";
		};
		D6670D3CA2DB68722E961BA3 /* TravlyTests */ = {
			isa = PBXNativeTarget;
			buildConfigurationList = 1FF998FA09C953CF94F1E066 /* Build configuration list for PBXNativeTarget "TravlyTests" */;
			buildPhases = (
				CCC81BA30045085F556AE11D /* Sources */,
				64FE969C487F3438908B2D77 /* Frameworks */,
			);
			buildRules = (
			);
			dependencies = (
				04E1BA15D9DA455A911245FF /* PBXTargetDependency */,
			);
			name = TravlyTests;
			packageProductDependencies = (
				F5CCF8D951A9540561CF2A9D /* TripCore */,
			);
			productName = TravlyTests;
			productReference = 048214F7789EC6AFB1B82E98 /* TravlyTests.xctest */;
			productType = "com.apple.product-type.bundle.unit-test";
		};
/* End PBXNativeTarget section */

/* Begin PBXProject section */
		D9B7977517D35A2638FD41A5 /* Project object */ = {
			isa = PBXProject;
			attributes = {
				BuildIndependentTargetsInParallel = YES;
				LastUpgradeCheck = 2620;
				TargetAttributes = {
					CE684E17516122EEFAB1E515 = {
						DevelopmentTeam = A6VYGLF4DB;
						ProvisioningStyle = Automatic;
					};
				};
			};
			buildConfigurationList = AFD32ABDCC6E10E0CC0A5C89 /* Build configuration list for PBXProject "Travly" */;
			compatibilityVersion = "Xcode 14.0";
			developmentRegion = en;
			hasScannedForEncodings = 0;
			knownRegions = (
				Base,
				en,
			);
			mainGroup = 0E0413883C1807DD6465BC0F;
			minimizedProjectReferenceProxies = 1;
			packageReferences = (
				ADEB5E83657B0D393810613A /* XCLocalSwiftPackageReference "Packages/TripCore" */,
			);
			preferredProjectObjectVersion = 77;
			projectDirPath = "";
			projectRoot = "";
			targets = (
				CE684E17516122EEFAB1E515 /* Travly */,
				D6670D3CA2DB68722E961BA3 /* TravlyTests */,
			);
		};
/* End PBXProject section */

/* Begin PBXResourcesBuildPhase section */
		54E27ADB18D8B4F4F6A7B1CF /* Resources */ = {
			isa = PBXResourcesBuildPhase;
			buildActionMask = 2147483647;
			files = (
				0DAB370E2944656B795003FF /* Assets.xcassets in Resources */,
			);
			runOnlyForDeploymentPostprocessing = 0;
		};
/* End PBXResourcesBuildPhase section */

/* Begin PBXSourcesBuildPhase section */
		6009A554340B6634BD9C9123 /* Sources */ = {
			isa = PBXSourcesBuildPhase;
			buildActionMask = 2147483647;
			files = (
				A699E40D11FB585D70DAA585 /* AITripPlanner.swift in Sources */,
				8E8C42AF3A2155B0827F7DA1 /* ActiveTripDashboard.swift in Sources */,
				D4586090690C2429F8DF7457 /* AddBookingSheet.swift in Sources */,
				67AEC662F2CF07F8CF5A850C /* AddExpenseSheet.swift in Sources */,
				590CC30DE66528D53A7AF3AE /* AddStopSheet.swift in Sources */,
				46FFC9ABE5C2491613113EF2 /* AddTripSheet.swift in Sources */,
				2C0C6FB5330F4D8DD61D42AA /* BookingDetailView.swift in Sources */,
				02E03253EA5EC208ECBF7A46 /* BookingEntity.swift in Sources */,
				F325FF0C377CB023E665AA0D /* BudgetSection.swift in Sources */,
				6A728F12104059B4F17EC79F /* CategoryPicker.swift in Sources */,
				C90C17DB07D797D8BCA81188 /* CommentEntity.swift in Sources */,
				1A4F6BE4B635C79136D99039 /* ContentView.swift in Sources */,
				0E07240DBF82751272754AFB /* DataManager.swift in Sources */,
				2F175721A0C7D9829479E2ED /* DayEntity.swift in Sources */,
				5D6063D913D7CDA5F8306FEE /* EditBookingSheet.swift in Sources */,
				5E72A33649D5492553C4404B /* EditStopSheet.swift in Sources */,
				46FB0084A93632A60A768AF3 /* EditTripSheet.swift in Sources */,
				72219FF7D1D7B448562D4BB7 /* ExpenseEntity.swift in Sources */,
				8DC1F8680426C49884389B66 /* ImportBookingSheet.swift in Sources */,
				756EDF3008A2826BA6F9E5F0 /* LocateStopSheet.swift in Sources */,
				B5A7468846CA3FF836E175D1 /* LocationManager.swift in Sources */,
				1F7F440A40F35E2647D4A371 /* LocationSearchView.swift in Sources */,
				3362DCAA7316C3157C415EA5 /* NearbyAISuggestSheet.swift in Sources */,
				A882B9BE3A05C3F50C3DE203 /* PasteItinerarySheet.swift in Sources */,
				2BC488A52A370B9E10389BAF /* PhotoLibraryService.swift in Sources */,
				4EA4B637B817A71837CF1777 /* QuickAddStopSheet.swift in Sources */,
				8B0752E3B2EFA180121C4558 /* SetDayLocationSheet.swift in Sources */,
				A46EFDB94319FC36A2536594 /* SettingsView.swift in Sources */,
				AD2867FE8A2A69DEBC17971B /* ShareSheetView.swift in Sources */,
				951F9E7BC1742A8FB3C41BD5 /* StatusBadge.swift in Sources */,
				3F0F15BE26FAF6EB794747DF /* StopDetailView.swift in Sources */,
				FF525527073D7F9140FB8706 /* StopEntity.swift in Sources */,
				E8DA372BDE03B465C780BE66 /* StopPhotosView.swift in Sources */,
				3E2B7571055B630F2C368494 /* StopRowView.swift in Sources */,
				23693BFFA55280F8D241F590 /* SuggestStopsSheet.swift in Sources */,
				7C04C4A17B946D9735CF6799 /* TimelineStopRow.swift in Sources */,
				145374CF48F7287DC1FF7DBD /* TravelTimeRow.swift in Sources */,
				D6C615ED9776A64277863A41 /* TravelTimeService.swift in Sources */,
				D4C8741E6E266E8A49BDC75F /* TravlyApp.swift in Sources */,
				9BD45050FB09738BE962F88B /* TripDetailView.swift in Sources */,
				C4E05445C3493C42553CA438 /* TripEntity.swift in Sources */,
				536D50A738E16B7DB624FFC5 /* TripListEntity.swift in Sources */,
				FD64D09B3230CAFB93155C96 /* TripListItemEntity.swift in Sources */,
				38DF7819057E819754490D6E /* TripListView.swift in Sources */,
				661913F817E213C54B22C463 /* TripListsSection.swift in Sources */,
				AFB6E8E0466A41DDCDD88E70 /* TripMapView.swift in Sources */,
				65333825B259DCB667857CBF /* TripPDFGenerator.swift in Sources */,
				D0A8F90A038F5F5028FC1A7A /* TripRowView.swift in Sources */,
				50394CBC36486E871DFF0A3B /* WeatherSection.swift in Sources */,
				0C4B32958257FBEA826807C7 /* WeatherService.swift in Sources */,
				6FCDEF6A49EE0FD7321E0A99 /* WelcomeView.swift in Sources */,
				A09798A8342DA81A20F51A11 /* WishlistItemEntity.swift in Sources */,
				454A0381D60302C17AD24BCD /* WishlistView.swift in Sources */,
			);
			runOnlyForDeploymentPostprocessing = 0;
		};
		CCC81BA30045085F556AE11D /* Sources */ = {
			isa = PBXSourcesBuildPhase;
			buildActionMask = 2147483647;
			files = (
				A554F68C3AC53ED697D1C864 /* TravlyTests.swift in Sources */,
			);
			runOnlyForDeploymentPostprocessing = 0;
		};
/* End PBXSourcesBuildPhase section */

/* Begin PBXTargetDependency section */
		04E1BA15D9DA455A911245FF /* PBXTargetDependency */ = {
			isa = PBXTargetDependency;
			target = CE684E17516122EEFAB1E515 /* Travly */;
			targetProxy = B980C6DB85CD153176E1ED4C /* PBXContainerItemProxy */;
		};
/* End PBXTargetDependency section */

/* Begin XCBuildConfiguration section */
		34FD3D505293D4BCAFD8D3D3 /* Debug */ = {
			isa = XCBuildConfiguration;
			buildSettings = {
				ASSETCATALOG_COMPILER_APPICON_NAME = AppIcon;
				CODE_SIGN_IDENTITY = "iPhone Developer";
				CODE_SIGN_STYLE = Automatic;
				CURRENT_PROJECT_VERSION = 16;
				DEVELOPMENT_TEAM = A6VYGLF4DB;
				GENERATE_INFOPLIST_FILE = YES;
				INFOPLIST_KEY_CFBundleDisplayName = Travly;
				INFOPLIST_KEY_CFBundleShortVersionString = 1.0;
				INFOPLIST_KEY_ITSAppUsesNonExemptEncryption = NO;
				INFOPLIST_KEY_NSLocationWhenInUseUsageDescription = "Travly uses your location to quickly add stops near you and track your trip.";
				INFOPLIST_KEY_NSPhotoLibraryUsageDescription = "Travly matches your photos to trip stops based on location and time.";
				INFOPLIST_KEY_UIApplicationSceneManifest_Generation = YES;
				INFOPLIST_KEY_UIApplicationSupportsIndirectInputEvents = YES;
				INFOPLIST_KEY_UILaunchScreen_Generation = YES;
				INFOPLIST_KEY_UISupportedInterfaceOrientations_iPhone = UIInterfaceOrientationPortrait;
				LD_RUNPATH_SEARCH_PATHS = (
					"$(inherited)",
					"@executable_path/Frameworks",
				);
				MARKETING_VERSION = 1.0;
				PRODUCT_BUNDLE_IDENTIFIER = com.kevinbuckley.travelplanner;
				SDKROOT = iphoneos;
				SWIFT_STRICT_CONCURRENCY = complete;
				TARGETED_DEVICE_FAMILY = 1;
			};
			name = Debug;
		};
		6A9E98C5B4F5B4CBA85095E9 /* Release */ = {
			isa = XCBuildConfiguration;
			buildSettings = {
				ASSETCATALOG_COMPILER_APPICON_NAME = AppIcon;
				CODE_SIGN_IDENTITY = "iPhone Developer";
				CODE_SIGN_STYLE = Automatic;
				CURRENT_PROJECT_VERSION = 16;
				DEVELOPMENT_TEAM = A6VYGLF4DB;
				GENERATE_INFOPLIST_FILE = YES;
				INFOPLIST_KEY_CFBundleDisplayName = Travly;
				INFOPLIST_KEY_CFBundleShortVersionString = 1.0;
				INFOPLIST_KEY_ITSAppUsesNonExemptEncryption = NO;
				INFOPLIST_KEY_NSLocationWhenInUseUsageDescription = "Travly uses your location to quickly add stops near you and track your trip.";
				INFOPLIST_KEY_NSPhotoLibraryUsageDescription = "Travly matches your photos to trip stops based on location and time.";
				INFOPLIST_KEY_UIApplicationSceneManifest_Generation = YES;
				INFOPLIST_KEY_UIApplicationSupportsIndirectInputEvents = YES;
				INFOPLIST_KEY_UILaunchScreen_Generation = YES;
				INFOPLIST_KEY_UISupportedInterfaceOrientations_iPhone = UIInterfaceOrientationPortrait;
				LD_RUNPATH_SEARCH_PATHS = (
					"$(inherited)",
					"@executable_path/Frameworks",
				);
				MARKETING_VERSION = 1.0;
				PRODUCT_BUNDLE_IDENTIFIER = com.kevinbuckley.travelplanner;
				SDKROOT = iphoneos;
				SWIFT_STRICT_CONCURRENCY = complete;
				TARGETED_DEVICE_FAMILY = 1;
			};
			name = Release;
		};
		8D253376F3512B0FBD7C7944 /* Debug */ = {
			isa = XCBuildConfiguration;
			buildSettings = {
				ALWAYS_SEARCH_USER_PATHS = NO;
				CLANG_ANALYZER_NONNULL = YES;
				CLANG_ANALYZER_NUMBER_OBJECT_CONVERSION = YES_AGGRESSIVE;
				CLANG_CXX_LANGUAGE_STANDARD = "gnu++14";
				CLANG_CXX_LIBRARY = "libc++";
				CLANG_ENABLE_MODULES = YES;
				CLANG_ENABLE_OBJC_ARC = YES;
				CLANG_ENABLE_OBJC_WEAK = YES;
				CLANG_WARN_BLOCK_CAPTURE_AUTORELEASING = YES;
				CLANG_WARN_BOOL_CONVERSION = YES;
				CLANG_WARN_COMMA = YES;
				CLANG_WARN_CONSTANT_CONVERSION = YES;
				CLANG_WARN_DEPRECATED_OBJC_IMPLEMENTATIONS = YES;
				CLANG_WARN_DIRECT_OBJC_ISA_USAGE = YES_ERROR;
				CLANG_WARN_DOCUMENTATION_COMMENTS = YES;
				CLANG_WARN_EMPTY_BODY = YES;
				CLANG_WARN_ENUM_CONVERSION = YES;
				CLANG_WARN_INFINITE_RECURSION = YES;
				CLANG_WARN_INT_CONVERSION = YES;
				CLANG_WARN_NON_LITERAL_NULL_CONVERSION = YES;
				CLANG_WARN_OBJC_IMPLICIT_RETAIN_SELF = YES;
				CLANG_WARN_OBJC_LITERAL_CONVERSION = YES;
				CLANG_WARN_OBJC_ROOT_CLASS = YES_ERROR;
				CLANG_WARN_QUOTED_INCLUDE_IN_FRAMEWORK_HEADER = YES;
				CLANG_WARN_RANGE_LOOP_ANALYSIS = YES;
				CLANG_WARN_STRICT_PROTOTYPES = YES;
				CLANG_WARN_SUSPICIOUS_MOVE = YES;
				CLANG_WARN_UNGUARDED_AVAILABILITY = YES_AGGRESSIVE;
				CLANG_WARN_UNREACHABLE_CODE = YES;
				CLANG_WARN__DUPLICATE_METHOD_MATCH = YES;
				COPY_PHASE_STRIP = NO;
				DEBUG_INFORMATION_FORMAT = dwarf;
				ENABLE_STRICT_OBJC_MSGSEND = YES;
				ENABLE_TESTABILITY = YES;
				GCC_C_LANGUAGE_STANDARD = gnu11;
				GCC_DYNAMIC_NO_PIC = NO;
				GCC_NO_COMMON_BLOCKS = YES;
				GCC_OPTIMIZATION_LEVEL = 0;
				GCC_PREPROCESSOR_DEFINITIONS = (
					"$(inherited)",
					"DEBUG=1",
				);
				GCC_WARN_64_TO_32_BIT_CONVERSION = YES;
				GCC_WARN_ABOUT_RETURN_TYPE = YES_ERROR;
				GCC_WARN_UNDECLARED_SELECTOR = YES;
				GCC_WARN_UNINITIALIZED_AUTOS = YES_AGGRESSIVE;
				GCC_WARN_UNUSED_FUNCTION = YES;
				GCC_WARN_UNUSED_VARIABLE = YES;
				IPHONEOS_DEPLOYMENT_TARGET = 17.0;
				MTL_ENABLE_DEBUG_INFO = INCLUDE_SOURCE;
				MTL_FAST_MATH = YES;
				ONLY_ACTIVE_ARCH = YES;
				PRODUCT_NAME = "$(TARGET_NAME)";
				SDKROOT = iphoneos;
				SWIFT_ACTIVE_COMPILATION_CONDITIONS = DEBUG;
				SWIFT_OPTIMIZATION_LEVEL = "-Onone";
				SWIFT_VERSION = 5.0;
			};
			name = Debug;
		};
		AF873DFFCE22B5355355D1C2 /* Debug */ = {
			isa = XCBuildConfiguration;
			buildSettings = {
				BUNDLE_LOADER = "$(TEST_HOST)";
				GENERATE_INFOPLIST_FILE = YES;
				LD_RUNPATH_SEARCH_PATHS = (
					"$(inherited)",
					"@executable_path/Frameworks",
					"@loader_path/Frameworks",
				);
				PRODUCT_BUNDLE_IDENTIFIER = com.kevinbuckley.travelplanner.tests;
				SDKROOT = iphoneos;
				TARGETED_DEVICE_FAMILY = "1,2";
				TEST_HOST = "$(BUILT_PRODUCTS_DIR)/Travly.app/Travly";
			};
			name = Debug;
		};
		F1999E1D68ABF44328D1539C /* Release */ = {
			isa = XCBuildConfiguration;
			buildSettings = {
				BUNDLE_LOADER = "$(TEST_HOST)";
				GENERATE_INFOPLIST_FILE = YES;
				LD_RUNPATH_SEARCH_PATHS = (
					"$(inherited)",
					"@executable_path/Frameworks",
					"@loader_path/Frameworks",
				);
				PRODUCT_BUNDLE_IDENTIFIER = com.kevinbuckley.travelplanner.tests;
				SDKROOT = iphoneos;
				TARGETED_DEVICE_FAMILY = "1,2";
				TEST_HOST = "$(BUILT_PRODUCTS_DIR)/Travly.app/Travly";
			};
			name = Release;
		};
		FB2E9B7AA63BA2DD22CB30AB /* Release */ = {
			isa = XCBuildConfiguration;
			buildSettings = {
				ALWAYS_SEARCH_USER_PATHS = NO;
				CLANG_ANALYZER_NONNULL = YES;
				CLANG_ANALYZER_NUMBER_OBJECT_CONVERSION = YES_AGGRESSIVE;
				CLANG_CXX_LANGUAGE_STANDARD = "gnu++14";
				CLANG_CXX_LIBRARY = "libc++";
				CLANG_ENABLE_MODULES = YES;
				CLANG_ENABLE_OBJC_ARC = YES;
				CLANG_ENABLE_OBJC_WEAK = YES;
				CLANG_WARN_BLOCK_CAPTURE_AUTORELEASING = YES;
				CLANG_WARN_BOOL_CONVERSION = YES;
				CLANG_WARN_COMMA = YES;
				CLANG_WARN_CONSTANT_CONVERSION = YES;
				CLANG_WARN_DEPRECATED_OBJC_IMPLEMENTATIONS = YES;
				CLANG_WARN_DIRECT_OBJC_ISA_USAGE = YES_ERROR;
				CLANG_WARN_DOCUMENTATION_COMMENTS = YES;
				CLANG_WARN_EMPTY_BODY = YES;
				CLANG_WARN_ENUM_CONVERSION = YES;
				CLANG_WARN_INFINITE_RECURSION = YES;
				CLANG_WARN_INT_CONVERSION = YES;
				CLANG_WARN_NON_LITERAL_NULL_CONVERSION = YES;
				CLANG_WARN_OBJC_IMPLICIT_RETAIN_SELF = YES;
				CLANG_WARN_OBJC_LITERAL_CONVERSION = YES;
				CLANG_WARN_OBJC_ROOT_CLASS = YES_ERROR;
				CLANG_WARN_QUOTED_INCLUDE_IN_FRAMEWORK_HEADER = YES;
				CLANG_WARN_RANGE_LOOP_ANALYSIS = YES;
				CLANG_WARN_STRICT_PROTOTYPES = YES;
				CLANG_WARN_SUSPICIOUS_MOVE = YES;
				CLANG_WARN_UNGUARDED_AVAILABILITY = YES_AGGRESSIVE;
				CLANG_WARN_UNREACHABLE_CODE = YES;
				CLANG_WARN__DUPLICATE_METHOD_MATCH = YES;
				COPY_PHASE_STRIP = NO;
				DEBUG_INFORMATION_FORMAT = "dwarf-with-dsym";
				ENABLE_NS_ASSERTIONS = NO;
				ENABLE_STRICT_OBJC_MSGSEND = YES;
				GCC_C_LANGUAGE_STANDARD = gnu11;
				GCC_NO_COMMON_BLOCKS = YES;
				GCC_WARN_64_TO_32_BIT_CONVERSION = YES;
				GCC_WARN_ABOUT_RETURN_TYPE = YES_ERROR;
				GCC_WARN_UNDECLARED_SELECTOR = YES;
				GCC_WARN_UNINITIALIZED_AUTOS = YES_AGGRESSIVE;
				GCC_WARN_UNUSED_FUNCTION = YES;
				GCC_WARN_UNUSED_VARIABLE = YES;
				IPHONEOS_DEPLOYMENT_TARGET = 17.0;
				MTL_ENABLE_DEBUG_INFO = NO;
				MTL_FAST_MATH = YES;
				PRODUCT_NAME = "$(TARGET_NAME)";
				SDKROOT = iphoneos;
				SWIFT_COMPILATION_MODE = wholemodule;
				SWIFT_OPTIMIZATION_LEVEL = "-O";
				SWIFT_VERSION = 5.0;
			};
			name = Release;
		};
/* End XCBuildConfiguration section */

/* Begin XCConfigurationList section */
		1FF998FA09C953CF94F1E066 /* Build configuration list for PBXNativeTarget "TravlyTests" */ = {
			isa = XCConfigurationList;
			buildConfigurations = (
				AF873DFFCE22B5355355D1C2 /* Debug */,
				F1999E1D68ABF44328D1539C /* Release */,
			);
			defaultConfigurationIsVisible = 0;
			defaultConfigurationName = Debug;
		};
		AFD32ABDCC6E10E0CC0A5C89 /* Build configuration list for PBXProject "Travly" */ = {
			isa = XCConfigurationList;
			buildConfigurations = (
				8D253376F3512B0FBD7C7944 /* Debug */,
				FB2E9B7AA63BA2DD22CB30AB /* Release */,
			);
			defaultConfigurationIsVisible = 0;
			defaultConfigurationName = Debug;
		};
		E75038857D0BA46BBC018B20 /* Build configuration list for PBXNativeTarget "Travly" */ = {
			isa = XCConfigurationList;
			buildConfigurations = (
				34FD3D505293D4BCAFD8D3D3 /* Debug */,
				6A9E98C5B4F5B4CBA85095E9 /* Release */,
			);
			defaultConfigurationIsVisible = 0;
			defaultConfigurationName = Debug;
		};
/* End XCConfigurationList section */

/* Begin XCLocalSwiftPackageReference section */
		ADEB5E83657B0D393810613A /* XCLocalSwiftPackageReference "Packages/TripCore" */ = {
			isa = XCLocalSwiftPackageReference;
			relativePath = Packages/TripCore;
		};
/* End XCLocalSwiftPackageReference section */

/* Begin XCSwiftPackageProductDependency section */
		B281BB86655A053833608316 /* TripCore */ = {
			isa = XCSwiftPackageProductDependency;
			productName = TripCore;
		};
		F5CCF8D951A9540561CF2A9D /* TripCore */ = {
			isa = XCSwiftPackageProductDependency;
			productName = TripCore;
		};
/* End XCSwiftPackageProductDependency section */
	};
	rootObject = D9B7977517D35A2638FD41A5 /* Project object */;
}
